
Microsoft Visual Studio Solution File, Format Version 12.00
# Visual Studio 14
VisualStudioVersion = 14.0.25420.1
MinimumVisualStudioVersion = 10.0.40219.1
Project("{FAE04EC0-301F-11D3-BF4B-00C04F79EFBC}") = "OpenGL.Net", "OpenGL.Net\OpenGL.Net.csproj", "{ABB8DFA8-473A-4FC1-85C0-E21680772A58}"
EndProject
Project("{FAE04EC0-301F-11D3-BF4B-00C04F79EFBC}") = "OpenGL.Net.Test", "OpenGL.Net.Test\OpenGL.Net.Test.csproj", "{861A0458-2848-4585-B844-8945E4B61B5C}"
EndProject
Project("{2150E333-8FDC-42A3-9474-1A3956D46DE8}") = "OpenGL Specs", "OpenGL Specs", "{74055295-3E82-45FF-8748-6130F534C8B0}"
	ProjectSection(SolutionItems) = preProject
		GLSpecs\egl.xml = GLSpecs\egl.xml
		GLSpecs\gl.xml = GLSpecs\gl.xml
		GLSpecs\glx.xml = GLSpecs\glx.xml
		GLSpecs\wgl.xml = GLSpecs\wgl.xml
	EndProjectSection
EndProject
Project("{FAE04EC0-301F-11D3-BF4B-00C04F79EFBC}") = "OpenGL.Hal", "OpenGL.Hal\OpenGL.Hal.csproj", "{B1656959-9AEE-45F3-A382-1BD0EAC86918}"
EndProject
Project("{FAE04EC0-301F-11D3-BF4B-00C04F79EFBC}") = "OpenGL.Hal.Test", "OpenGL.Hal.Test\OpenGL.Hal.Test.csproj", "{9AB979CC-DABB-4A8E-95DE-D6A72B4C68BD}"
EndProject
Project("{2150E333-8FDC-42A3-9474-1A3956D46DE8}") = "Plugins", "Plugins", "{DE60F55E-9FF7-4F3D-83F5-3F753D6EBF49}"
EndProject
Project("{8BC9CEB8-8B4A-11D0-8D11-00A0C91BC942}") = "PluginsSdk", "OpenGL.Hal.Plugins\PluginsSdk\PluginsSdk.vcxproj", "{23449D6A-DE23-405D-917B-587E3BB1DC63}"
EndProject
Project("{8BC9CEB8-8B4A-11D0-8D11-00A0C91BC942}") = "OpenGL.Hal.LibTIFF", "OpenGL.Hal.Plugins\OpenGL.Hal.LibTIFF\OpenGL.Hal.TIFF.vcxproj", "{01634CB6-D1EB-42A5-B366-F57CFC7419D7}"
EndProject
Project("{FAE04EC0-301F-11D3-BF4B-00C04F79EFBC}") = "BindingsGen", "BindingsGen\BindingsGen.csproj", "{6CE61C1E-E93A-404A-89B7-1E8EA3BAF663}"
EndProject
Project("{2150E333-8FDC-42A3-9474-1A3956D46DE8}") = "Samples", "Samples", "{C45EA757-D80F-48B1-B42F-5755F6F9897B}"
EndProject
Project("{FAE04EC0-301F-11D3-BF4B-00C04F79EFBC}") = "HelloWorld", "Samples\HelloWorld\HelloWorld.csproj", "{A1D1DFF5-1438-4DF3-8C94-60AB3EF3B877}"
EndProject
Project("{FAE04EC0-301F-11D3-BF4B-00C04F79EFBC}") = "HelloTriangle", "Samples\HelloTriangle\HelloTriangle.csproj", "{4A366686-E6AF-4AF0-9199-8BE691A5A392}"
EndProject
Project("{FAE04EC0-301F-11D3-BF4B-00C04F79EFBC}") = "HelloTriangle.Hal", "Samples\HelloTriangle.Hal\HelloTriangle.Hal.csproj", "{3621B34F-AB74-4F75-BFEB-EDE3912DD0A2}"
EndProject
Project("{2150E333-8FDC-42A3-9474-1A3956D46DE8}") = "Solution Items", "Solution Items", "{D2078FEA-F2E4-44FE-804A-836CB0B27937}"
	ProjectSection(SolutionItems) = preProject
		.travis.yml = .travis.yml
	EndProjectSection
EndProject
Project("{FAE04EC0-301F-11D3-BF4B-00C04F79EFBC}") = "OpenGL.Net.WinForms", "OpenGL.Net.WinForms\OpenGL.Net.WinForms.csproj", "{B65D2A92-28FB-400C-990A-C805A8586B60}"
EndProject
Project("{F184B08F-C81C-45F6-A57F-5ABD9991F28F}") = "HelloTriangle.VB", "Samples\HelloTriangle.VB\HelloTriangle.VB.vbproj", "{9E8BE3E5-A35A-4548-8D2C-5CC218C283DC}"
EndProject
Project("{FAE04EC0-301F-11D3-BF4B-00C04F79EFBC}") = "HelloTriangle.WPF", "Samples\HelloTriangle.WPF\HelloTriangle.WPF.csproj", "{508A525E-C6B0-41F4-8236-FFAB023A3BDA}"
EndProject
Global
	GlobalSection(SolutionConfigurationPlatforms) = preSolution
		Debug|x64 = Debug|x64
		Debug|x86 = Debug|x86
		Release|x64 = Release|x64
		Release|x86 = Release|x86
	EndGlobalSection
	GlobalSection(ProjectConfigurationPlatforms) = postSolution
		{ABB8DFA8-473A-4FC1-85C0-E21680772A58}.Debug|x64.ActiveCfg = Debug|Any CPU
		{ABB8DFA8-473A-4FC1-85C0-E21680772A58}.Debug|x64.Build.0 = Debug|Any CPU
		{ABB8DFA8-473A-4FC1-85C0-E21680772A58}.Debug|x86.ActiveCfg = Debug|x86
		{ABB8DFA8-473A-4FC1-85C0-E21680772A58}.Debug|x86.Build.0 = Debug|x86
		{ABB8DFA8-473A-4FC1-85C0-E21680772A58}.Release|x64.ActiveCfg = Release|Any CPU
		{ABB8DFA8-473A-4FC1-85C0-E21680772A58}.Release|x64.Build.0 = Release|Any CPU
		{ABB8DFA8-473A-4FC1-85C0-E21680772A58}.Release|x86.ActiveCfg = Release|x86
		{ABB8DFA8-473A-4FC1-85C0-E21680772A58}.Release|x86.Build.0 = Release|x86
		{861A0458-2848-4585-B844-8945E4B61B5C}.Debug|x64.ActiveCfg = Debug|Any CPU
		{861A0458-2848-4585-B844-8945E4B61B5C}.Debug|x64.Build.0 = Debug|Any CPU
		{861A0458-2848-4585-B844-8945E4B61B5C}.Debug|x86.ActiveCfg = Debug|x86
		{861A0458-2848-4585-B844-8945E4B61B5C}.Debug|x86.Build.0 = Debug|x86
		{861A0458-2848-4585-B844-8945E4B61B5C}.Release|x64.ActiveCfg = Release|Any CPU
		{861A0458-2848-4585-B844-8945E4B61B5C}.Release|x64.Build.0 = Release|Any CPU
		{861A0458-2848-4585-B844-8945E4B61B5C}.Release|x86.ActiveCfg = Release|x86
		{861A0458-2848-4585-B844-8945E4B61B5C}.Release|x86.Build.0 = Release|x86
		{B1656959-9AEE-45F3-A382-1BD0EAC86918}.Debug|x64.ActiveCfg = Debug|Any CPU
		{B1656959-9AEE-45F3-A382-1BD0EAC86918}.Debug|x64.Build.0 = Debug|Any CPU
		{B1656959-9AEE-45F3-A382-1BD0EAC86918}.Debug|x86.ActiveCfg = Debug|x86
		{B1656959-9AEE-45F3-A382-1BD0EAC86918}.Debug|x86.Build.0 = Debug|x86
		{B1656959-9AEE-45F3-A382-1BD0EAC86918}.Release|x64.ActiveCfg = Release|Any CPU
		{B1656959-9AEE-45F3-A382-1BD0EAC86918}.Release|x64.Build.0 = Release|Any CPU
		{B1656959-9AEE-45F3-A382-1BD0EAC86918}.Release|x86.ActiveCfg = Release|x86
		{B1656959-9AEE-45F3-A382-1BD0EAC86918}.Release|x86.Build.0 = Release|x86
		{9AB979CC-DABB-4A8E-95DE-D6A72B4C68BD}.Debug|x64.ActiveCfg = Debug|Any CPU
		{9AB979CC-DABB-4A8E-95DE-D6A72B4C68BD}.Debug|x64.Build.0 = Debug|Any CPU
		{9AB979CC-DABB-4A8E-95DE-D6A72B4C68BD}.Debug|x86.ActiveCfg = Debug|x86
		{9AB979CC-DABB-4A8E-95DE-D6A72B4C68BD}.Debug|x86.Build.0 = Debug|x86
		{9AB979CC-DABB-4A8E-95DE-D6A72B4C68BD}.Release|x64.ActiveCfg = Release|Any CPU
		{9AB979CC-DABB-4A8E-95DE-D6A72B4C68BD}.Release|x64.Build.0 = Release|Any CPU
		{9AB979CC-DABB-4A8E-95DE-D6A72B4C68BD}.Release|x86.ActiveCfg = Release|x86
		{9AB979CC-DABB-4A8E-95DE-D6A72B4C68BD}.Release|x86.Build.0 = Release|x86
		{23449D6A-DE23-405D-917B-587E3BB1DC63}.Debug|x64.ActiveCfg = Debug|x64
		{23449D6A-DE23-405D-917B-587E3BB1DC63}.Debug|x64.Build.0 = Debug|x64
		{23449D6A-DE23-405D-917B-587E3BB1DC63}.Debug|x86.ActiveCfg = Debug|Win32
		{23449D6A-DE23-405D-917B-587E3BB1DC63}.Debug|x86.Build.0 = Debug|Win32
		{23449D6A-DE23-405D-917B-587E3BB1DC63}.Release|x64.ActiveCfg = Release|x64
		{23449D6A-DE23-405D-917B-587E3BB1DC63}.Release|x64.Build.0 = Release|x64
		{23449D6A-DE23-405D-917B-587E3BB1DC63}.Release|x86.ActiveCfg = Release|Win32
		{23449D6A-DE23-405D-917B-587E3BB1DC63}.Release|x86.Build.0 = Release|Win32
		{01634CB6-D1EB-42A5-B366-F57CFC7419D7}.Debug|x64.ActiveCfg = Debug|x64
		{01634CB6-D1EB-42A5-B366-F57CFC7419D7}.Debug|x64.Build.0 = Debug|x64
		{01634CB6-D1EB-42A5-B366-F57CFC7419D7}.Debug|x86.ActiveCfg = Debug|Win32
		{01634CB6-D1EB-42A5-B366-F57CFC7419D7}.Debug|x86.Build.0 = Debug|Win32
		{01634CB6-D1EB-42A5-B366-F57CFC7419D7}.Release|x64.ActiveCfg = Release|x64
		{01634CB6-D1EB-42A5-B366-F57CFC7419D7}.Release|x64.Build.0 = Release|x64
		{01634CB6-D1EB-42A5-B366-F57CFC7419D7}.Release|x86.ActiveCfg = Release|Win32
		{01634CB6-D1EB-42A5-B366-F57CFC7419D7}.Release|x86.Build.0 = Release|Win32
		{6CE61C1E-E93A-404A-89B7-1E8EA3BAF663}.Debug|x64.ActiveCfg = Debug|Any CPU
		{6CE61C1E-E93A-404A-89B7-1E8EA3BAF663}.Debug|x64.Build.0 = Debug|Any CPU
		{6CE61C1E-E93A-404A-89B7-1E8EA3BAF663}.Debug|x86.ActiveCfg = Debug|x86
		{6CE61C1E-E93A-404A-89B7-1E8EA3BAF663}.Debug|x86.Build.0 = Debug|x86
		{6CE61C1E-E93A-404A-89B7-1E8EA3BAF663}.Release|x64.ActiveCfg = Release|Any CPU
		{6CE61C1E-E93A-404A-89B7-1E8EA3BAF663}.Release|x64.Build.0 = Release|Any CPU
		{6CE61C1E-E93A-404A-89B7-1E8EA3BAF663}.Release|x86.ActiveCfg = Release|x86
		{6CE61C1E-E93A-404A-89B7-1E8EA3BAF663}.Release|x86.Build.0 = Release|x86
		{A1D1DFF5-1438-4DF3-8C94-60AB3EF3B877}.Debug|x64.ActiveCfg = Debug|Any CPU
		{A1D1DFF5-1438-4DF3-8C94-60AB3EF3B877}.Debug|x64.Build.0 = Debug|Any CPU
		{A1D1DFF5-1438-4DF3-8C94-60AB3EF3B877}.Debug|x86.ActiveCfg = Debug|x86
		{A1D1DFF5-1438-4DF3-8C94-60AB3EF3B877}.Debug|x86.Build.0 = Debug|x86
		{A1D1DFF5-1438-4DF3-8C94-60AB3EF3B877}.Release|x64.ActiveCfg = Release|Any CPU
		{A1D1DFF5-1438-4DF3-8C94-60AB3EF3B877}.Release|x64.Build.0 = Release|Any CPU
		{A1D1DFF5-1438-4DF3-8C94-60AB3EF3B877}.Release|x86.ActiveCfg = Release|x86
		{A1D1DFF5-1438-4DF3-8C94-60AB3EF3B877}.Release|x86.Build.0 = Release|x86
		{4A366686-E6AF-4AF0-9199-8BE691A5A392}.Debug|x64.ActiveCfg = Debug|Any CPU
		{4A366686-E6AF-4AF0-9199-8BE691A5A392}.Debug|x64.Build.0 = Debug|Any CPU
		{4A366686-E6AF-4AF0-9199-8BE691A5A392}.Debug|x86.ActiveCfg = Debug|Any CPU
		{4A366686-E6AF-4AF0-9199-8BE691A5A392}.Debug|x86.Build.0 = Debug|Any CPU
		{4A366686-E6AF-4AF0-9199-8BE691A5A392}.Release|x64.ActiveCfg = Release|Any CPU
		{4A366686-E6AF-4AF0-9199-8BE691A5A392}.Release|x64.Build.0 = Release|Any CPU
		{4A366686-E6AF-4AF0-9199-8BE691A5A392}.Release|x86.ActiveCfg = Release|Any CPU
		{4A366686-E6AF-4AF0-9199-8BE691A5A392}.Release|x86.Build.0 = Release|Any CPU
		{3621B34F-AB74-4F75-BFEB-EDE3912DD0A2}.Debug|x64.ActiveCfg = Debug|Any CPU
		{3621B34F-AB74-4F75-BFEB-EDE3912DD0A2}.Debug|x64.Build.0 = Debug|Any CPU
		{3621B34F-AB74-4F75-BFEB-EDE3912DD0A2}.Debug|x86.ActiveCfg = Debug|Any CPU
		{3621B34F-AB74-4F75-BFEB-EDE3912DD0A2}.Debug|x86.Build.0 = Debug|Any CPU
		{3621B34F-AB74-4F75-BFEB-EDE3912DD0A2}.Release|x64.ActiveCfg = Release|Any CPU
		{3621B34F-AB74-4F75-BFEB-EDE3912DD0A2}.Release|x64.Build.0 = Release|Any CPU
		{3621B34F-AB74-4F75-BFEB-EDE3912DD0A2}.Release|x86.ActiveCfg = Release|Any CPU
		{3621B34F-AB74-4F75-BFEB-EDE3912DD0A2}.Release|x86.Build.0 = Release|Any CPU
		{B65D2A92-28FB-400C-990A-C805A8586B60}.Debug|x64.ActiveCfg = Debug|Any CPU
		{B65D2A92-28FB-400C-990A-C805A8586B60}.Debug|x64.Build.0 = Debug|Any CPU
		{B65D2A92-28FB-400C-990A-C805A8586B60}.Debug|x86.ActiveCfg = Debug|x86
		{B65D2A92-28FB-400C-990A-C805A8586B60}.Debug|x86.Build.0 = Debug|x86
		{B65D2A92-28FB-400C-990A-C805A8586B60}.Release|x64.ActiveCfg = Release|Any CPU
		{B65D2A92-28FB-400C-990A-C805A8586B60}.Release|x64.Build.0 = Release|Any CPU
		{B65D2A92-28FB-400C-990A-C805A8586B60}.Release|x86.ActiveCfg = Release|x86
		{B65D2A92-28FB-400C-990A-C805A8586B60}.Release|x86.Build.0 = Release|x86
		{9E8BE3E5-A35A-4548-8D2C-5CC218C283DC}.Debug|x64.ActiveCfg = Debug|Any CPU
		{9E8BE3E5-A35A-4548-8D2C-5CC218C283DC}.Debug|x64.Build.0 = Debug|Any CPU
		{9E8BE3E5-A35A-4548-8D2C-5CC218C283DC}.Debug|x86.ActiveCfg = Debug|Any CPU
		{9E8BE3E5-A35A-4548-8D2C-5CC218C283DC}.Debug|x86.Build.0 = Debug|Any CPU
		{9E8BE3E5-A35A-4548-8D2C-5CC218C283DC}.Release|x64.ActiveCfg = Release|Any CPU
		{9E8BE3E5-A35A-4548-8D2C-5CC218C283DC}.Release|x64.Build.0 = Release|Any CPU
		{9E8BE3E5-A35A-4548-8D2C-5CC218C283DC}.Release|x86.ActiveCfg = Release|Any CPU
		{9E8BE3E5-A35A-4548-8D2C-5CC218C283DC}.Release|x86.Build.0 = Release|Any CPU
		{508A525E-C6B0-41F4-8236-FFAB023A3BDA}.Debug|x64.ActiveCfg = Debug|Any CPU
		{508A525E-C6B0-41F4-8236-FFAB023A3BDA}.Debug|x64.Build.0 = Debug|Any CPU
		{508A525E-C6B0-41F4-8236-FFAB023A3BDA}.Debug|x86.ActiveCfg = Debug|Any CPU
		{508A525E-C6B0-41F4-8236-FFAB023A3BDA}.Debug|x86.Build.0 = Debug|Any CPU
		{508A525E-C6B0-41F4-8236-FFAB023A3BDA}.Release|x64.ActiveCfg = Release|Any CPU
		{508A525E-C6B0-41F4-8236-FFAB023A3BDA}.Release|x64.Build.0 = Release|Any CPU
		{508A525E-C6B0-41F4-8236-FFAB023A3BDA}.Release|x86.ActiveCfg = Release|Any CPU
		{508A525E-C6B0-41F4-8236-FFAB023A3BDA}.Release|x86.Build.0 = Release|Any CPU
	EndGlobalSection
	GlobalSection(SolutionProperties) = preSolution
		HideSolutionNode = FALSE
	EndGlobalSection
	GlobalSection(NestedProjects) = preSolution
		{23449D6A-DE23-405D-917B-587E3BB1DC63} = {DE60F55E-9FF7-4F3D-83F5-3F753D6EBF49}
		{01634CB6-D1EB-42A5-B366-F57CFC7419D7} = {DE60F55E-9FF7-4F3D-83F5-3F753D6EBF49}
		{A1D1DFF5-1438-4DF3-8C94-60AB3EF3B877} = {C45EA757-D80F-48B1-B42F-5755F6F9897B}
		{4A366686-E6AF-4AF0-9199-8BE691A5A392} = {C45EA757-D80F-48B1-B42F-5755F6F9897B}
		{3621B34F-AB74-4F75-BFEB-EDE3912DD0A2} = {C45EA757-D80F-48B1-B42F-5755F6F9897B}
		{9E8BE3E5-A35A-4548-8D2C-5CC218C283DC} = {C45EA757-D80F-48B1-B42F-5755F6F9897B}
		{508A525E-C6B0-41F4-8236-FFAB023A3BDA} = {C45EA757-D80F-48B1-B42F-5755F6F9897B}
	EndGlobalSection
	GlobalSection(MonoDevelopProperties) = preSolution
		version = 0.2.3
	EndGlobalSection
EndGlobal
