
Microsoft Visual Studio Solution File, Format Version 12.00
# Visual Studio 14
VisualStudioVersion = 14.0.25420.1
MinimumVisualStudioVersion = 10.0.40219.1
Project("{FAE04EC0-301F-11D3-BF4B-00C04F79EFBC}") = "OpenGL.Net", "OpenGL.Net\OpenGL.Net.csproj", "{ABB8DFA8-473A-4FC1-85C0-E21680772A58}"
EndProject
Project("{FAE04EC0-301F-11D3-BF4B-00C04F79EFBC}") = "OpenGL.Net.Test", "OpenGL.Net.Test\OpenGL.Net.Test.csproj", "{861A0458-2848-4585-B844-8945E4B61B5C}"
EndProject
Project("{2150E333-8FDC-42A3-9474-1A3956D46DE8}") = "OpenGL Specs", "OpenGL Specs", "{74055295-3E82-45FF-8748-6130F534C8B0}"
	ProjectSection(SolutionItems) = preProject
		GLSpecs\egl.xml = GLSpecs\egl.xml
		GLSpecs\gl.xml = GLSpecs\gl.xml
		GLSpecs\glx.xml = GLSpecs\glx.xml
		GLSpecs\wgl.xml = GLSpecs\wgl.xml
	EndProjectSection
EndProject
Project("{FAE04EC0-301F-11D3-BF4B-00C04F79EFBC}") = "BindingsGen", "BindingsGen\BindingsGen.csproj", "{6CE61C1E-E93A-404A-89B7-1E8EA3BAF663}"
EndProject
Project("{2150E333-8FDC-42A3-9474-1A3956D46DE8}") = "Samples", "Samples", "{C45EA757-D80F-48B1-B42F-5755F6F9897B}"
EndProject
Project("{2150E333-8FDC-42A3-9474-1A3956D46DE8}") = "Solution Items", "Solution Items", "{BC9954B5-DF60-43BC-9F04-3FBB2D7DE8E8}"
	ProjectSection(SolutionItems) = preProject
		.travis.yml = .travis.yml
		LICENSE = LICENSE
		OpenGL.Net\OpenGL.Net.nuspec = OpenGL.Net\OpenGL.Net.nuspec
		README.md = README.md
		RELEASE_NOTES.md = RELEASE_NOTES.md
	EndProjectSection
EndProject
Project("{FAE04EC0-301F-11D3-BF4B-00C04F79EFBC}") = "HelloTriangle", "Samples\HelloTriangle\HelloTriangle.csproj", "{4A366686-E6AF-4AF0-9199-8BE691A5A392}"
EndProject
Project("{FAE04EC0-301F-11D3-BF4B-00C04F79EFBC}") = "HelloTriangle.WPF", "Samples\HelloTriangle.WPF\HelloTriangle.WPF.csproj", "{508A525E-C6B0-41F4-8236-FFAB023A3BDA}"
EndProject
Project("{FAE04EC0-301F-11D3-BF4B-00C04F79EFBC}") = "OpenGL.Net.WinForms", "OpenGL.Net.WinForms\OpenGL.Net.WinForms.csproj", "{B65D2A92-28FB-400C-990A-C805A8586B60}"
EndProject
Project("{FAE04EC0-301F-11D3-BF4B-00C04F79EFBC}") = "OpenGL.Net.Xamarin.Android", "OpenGL.Net.Xamarin.Android\OpenGL.Net.Xamarin.Android.csproj", "{E5AFE227-06D5-4448-87D2-391E6B688F78}"
EndProject
Project("{F184B08F-C81C-45F6-A57F-5ABD9991F28F}") = "HelloTriangle.VB", "Samples\HelloTriangle.VB\HelloTriangle.VB.vbproj", "{9E8BE3E5-A35A-4548-8D2C-5CC218C283DC}"
EndProject
Project("{FAE04EC0-301F-11D3-BF4B-00C04F79EFBC}") = "HelloTriangle.Xamarin.Android", "Samples\HelloTriangle.Xamarin.Android\HelloTriangle.Xamarin.Android.csproj", "{C5286DC1-8FD3-497D-B426-77C5DEE981CF}"
EndProject
Project("{2150E333-8FDC-42A3-9474-1A3956D46DE8}") = "ContextSharing", "ContextSharing", "{D94A5DCC-F8D7-477D-97F9-27888A2F7EED}"
EndProject
Project("{FAE04EC0-301F-11D3-BF4B-00C04F79EFBC}") = "SimpleSharing", "Samples\ContextSharing\SimpleSharing\SimpleSharing.csproj", "{36F33BFE-94E1-4E85-BFDF-7E8C6DC32151}"
EndProject
Project("{FAE04EC0-301F-11D3-BF4B-00C04F79EFBC}") = "SingleContext", "Samples\ContextSharing\SingleContext\SingleContext.csproj", "{34F2AF27-4843-441E-BF3A-D7FF8CA8BC96}"
EndProject
Project("{FAE04EC0-301F-11D3-BF4B-00C04F79EFBC}") = "HelloTriangle.ANGLE", "Samples\HelloTriangle.ANGLE\HelloTriangle.ANGLE.csproj", "{32492BB6-936E-4DDA-8086-21EC3B630CE2}"
EndProject
Global
	GlobalSection(SolutionConfigurationPlatforms) = preSolution
		Debug|Any CPU = Debug|Any CPU
		Debug|x86 = Debug|x86
		Release|Any CPU = Release|Any CPU
		Release|x86 = Release|x86
	EndGlobalSection
	GlobalSection(ProjectConfigurationPlatforms) = postSolution
		{ABB8DFA8-473A-4FC1-85C0-E21680772A58}.Debug|Any CPU.ActiveCfg = Debug|Any CPU
		{ABB8DFA8-473A-4FC1-85C0-E21680772A58}.Debug|Any CPU.Build.0 = Debug|Any CPU
		{ABB8DFA8-473A-4FC1-85C0-E21680772A58}.Debug|x86.ActiveCfg = Debug|x86
		{ABB8DFA8-473A-4FC1-85C0-E21680772A58}.Debug|x86.Build.0 = Debug|x86
		{ABB8DFA8-473A-4FC1-85C0-E21680772A58}.Release|Any CPU.ActiveCfg = Release|Any CPU
		{ABB8DFA8-473A-4FC1-85C0-E21680772A58}.Release|Any CPU.Build.0 = Release|Any CPU
		{ABB8DFA8-473A-4FC1-85C0-E21680772A58}.Release|x86.ActiveCfg = Release|x86
		{ABB8DFA8-473A-4FC1-85C0-E21680772A58}.Release|x86.Build.0 = Release|x86
		{861A0458-2848-4585-B844-8945E4B61B5C}.Debug|Any CPU.ActiveCfg = Debug|Any CPU
		{861A0458-2848-4585-B844-8945E4B61B5C}.Debug|Any CPU.Build.0 = Debug|Any CPU
		{861A0458-2848-4585-B844-8945E4B61B5C}.Debug|x86.ActiveCfg = Debug|x86
		{861A0458-2848-4585-B844-8945E4B61B5C}.Debug|x86.Build.0 = Debug|x86
		{861A0458-2848-4585-B844-8945E4B61B5C}.Release|Any CPU.ActiveCfg = Release|Any CPU
		{861A0458-2848-4585-B844-8945E4B61B5C}.Release|Any CPU.Build.0 = Release|Any CPU
		{861A0458-2848-4585-B844-8945E4B61B5C}.Release|x86.ActiveCfg = Release|x86
		{861A0458-2848-4585-B844-8945E4B61B5C}.Release|x86.Build.0 = Release|x86
		{6CE61C1E-E93A-404A-89B7-1E8EA3BAF663}.Debug|Any CPU.ActiveCfg = Debug|Any CPU
		{6CE61C1E-E93A-404A-89B7-1E8EA3BAF663}.Debug|Any CPU.Build.0 = Debug|Any CPU
		{6CE61C1E-E93A-404A-89B7-1E8EA3BAF663}.Debug|x86.ActiveCfg = Debug|x86
		{6CE61C1E-E93A-404A-89B7-1E8EA3BAF663}.Debug|x86.Build.0 = Debug|x86
		{6CE61C1E-E93A-404A-89B7-1E8EA3BAF663}.Release|Any CPU.ActiveCfg = Release|Any CPU
		{6CE61C1E-E93A-404A-89B7-1E8EA3BAF663}.Release|Any CPU.Build.0 = Release|Any CPU
		{6CE61C1E-E93A-404A-89B7-1E8EA3BAF663}.Release|x86.ActiveCfg = Release|x86
		{6CE61C1E-E93A-404A-89B7-1E8EA3BAF663}.Release|x86.Build.0 = Release|x86
		{4A366686-E6AF-4AF0-9199-8BE691A5A392}.Debug|Any CPU.ActiveCfg = Debug|Any CPU
		{4A366686-E6AF-4AF0-9199-8BE691A5A392}.Debug|Any CPU.Build.0 = Debug|Any CPU
		{4A366686-E6AF-4AF0-9199-8BE691A5A392}.Debug|x86.ActiveCfg = Debug|Any CPU
		{4A366686-E6AF-4AF0-9199-8BE691A5A392}.Debug|x86.Build.0 = Debug|Any CPU
		{4A366686-E6AF-4AF0-9199-8BE691A5A392}.Release|Any CPU.ActiveCfg = Release|Any CPU
		{4A366686-E6AF-4AF0-9199-8BE691A5A392}.Release|Any CPU.Build.0 = Release|Any CPU
		{4A366686-E6AF-4AF0-9199-8BE691A5A392}.Release|x86.ActiveCfg = Release|Any CPU
		{4A366686-E6AF-4AF0-9199-8BE691A5A392}.Release|x86.Build.0 = Release|Any CPU
		{508A525E-C6B0-41F4-8236-FFAB023A3BDA}.Debug|Any CPU.ActiveCfg = Debug|Any CPU
		{508A525E-C6B0-41F4-8236-FFAB023A3BDA}.Debug|Any CPU.Build.0 = Debug|Any CPU
		{508A525E-C6B0-41F4-8236-FFAB023A3BDA}.Debug|x86.ActiveCfg = Debug|Any CPU
		{508A525E-C6B0-41F4-8236-FFAB023A3BDA}.Debug|x86.Build.0 = Debug|Any CPU
		{508A525E-C6B0-41F4-8236-FFAB023A3BDA}.Release|Any CPU.ActiveCfg = Release|Any CPU
		{508A525E-C6B0-41F4-8236-FFAB023A3BDA}.Release|Any CPU.Build.0 = Release|Any CPU
		{508A525E-C6B0-41F4-8236-FFAB023A3BDA}.Release|x86.ActiveCfg = Release|Any CPU
		{508A525E-C6B0-41F4-8236-FFAB023A3BDA}.Release|x86.Build.0 = Release|Any CPU
		{B65D2A92-28FB-400C-990A-C805A8586B60}.Debug|Any CPU.ActiveCfg = Debug|Any CPU
		{B65D2A92-28FB-400C-990A-C805A8586B60}.Debug|Any CPU.Build.0 = Debug|Any CPU
		{B65D2A92-28FB-400C-990A-C805A8586B60}.Debug|x86.ActiveCfg = Debug|x86
		{B65D2A92-28FB-400C-990A-C805A8586B60}.Debug|x86.Build.0 = Debug|x86
		{B65D2A92-28FB-400C-990A-C805A8586B60}.Release|Any CPU.ActiveCfg = Release|Any CPU
		{B65D2A92-28FB-400C-990A-C805A8586B60}.Release|Any CPU.Build.0 = Release|Any CPU
		{B65D2A92-28FB-400C-990A-C805A8586B60}.Release|x86.ActiveCfg = Release|x86
		{B65D2A92-28FB-400C-990A-C805A8586B60}.Release|x86.Build.0 = Release|x86
		{E5AFE227-06D5-4448-87D2-391E6B688F78}.Debug|Any CPU.ActiveCfg = Debug|Any CPU
		{E5AFE227-06D5-4448-87D2-391E6B688F78}.Debug|Any CPU.Build.0 = Debug|Any CPU
		{E5AFE227-06D5-4448-87D2-391E6B688F78}.Debug|x86.ActiveCfg = Debug|Any CPU
		{E5AFE227-06D5-4448-87D2-391E6B688F78}.Debug|x86.Build.0 = Debug|Any CPU
		{E5AFE227-06D5-4448-87D2-391E6B688F78}.Release|Any CPU.ActiveCfg = Release|Any CPU
		{E5AFE227-06D5-4448-87D2-391E6B688F78}.Release|Any CPU.Build.0 = Release|Any CPU
		{E5AFE227-06D5-4448-87D2-391E6B688F78}.Release|x86.ActiveCfg = Release|Any CPU
		{E5AFE227-06D5-4448-87D2-391E6B688F78}.Release|x86.Build.0 = Release|Any CPU
		{9E8BE3E5-A35A-4548-8D2C-5CC218C283DC}.Debug|Any CPU.ActiveCfg = Debug|Any CPU
		{9E8BE3E5-A35A-4548-8D2C-5CC218C283DC}.Debug|Any CPU.Build.0 = Debug|Any CPU
		{9E8BE3E5-A35A-4548-8D2C-5CC218C283DC}.Debug|x86.ActiveCfg = Debug|Any CPU
		{9E8BE3E5-A35A-4548-8D2C-5CC218C283DC}.Debug|x86.Build.0 = Debug|Any CPU
		{9E8BE3E5-A35A-4548-8D2C-5CC218C283DC}.Release|Any CPU.ActiveCfg = Release|Any CPU
		{9E8BE3E5-A35A-4548-8D2C-5CC218C283DC}.Release|Any CPU.Build.0 = Release|Any CPU
		{9E8BE3E5-A35A-4548-8D2C-5CC218C283DC}.Release|x86.ActiveCfg = Release|Any CPU
		{9E8BE3E5-A35A-4548-8D2C-5CC218C283DC}.Release|x86.Build.0 = Release|Any CPU
		{C5286DC1-8FD3-497D-B426-77C5DEE981CF}.Debug|Any CPU.ActiveCfg = Debug|Any CPU
		{C5286DC1-8FD3-497D-B426-77C5DEE981CF}.Debug|Any CPU.Build.0 = Debug|Any CPU
		{C5286DC1-8FD3-497D-B426-77C5DEE981CF}.Debug|Any CPU.Deploy.0 = Debug|Any CPU
		{C5286DC1-8FD3-497D-B426-77C5DEE981CF}.Debug|x86.ActiveCfg = Debug|Any CPU
		{C5286DC1-8FD3-497D-B426-77C5DEE981CF}.Debug|x86.Build.0 = Debug|Any CPU
		{C5286DC1-8FD3-497D-B426-77C5DEE981CF}.Debug|x86.Deploy.0 = Debug|Any CPU
		{C5286DC1-8FD3-497D-B426-77C5DEE981CF}.Release|Any CPU.ActiveCfg = Release|Any CPU
		{C5286DC1-8FD3-497D-B426-77C5DEE981CF}.Release|Any CPU.Build.0 = Release|Any CPU
		{C5286DC1-8FD3-497D-B426-77C5DEE981CF}.Release|Any CPU.Deploy.0 = Release|Any CPU
		{C5286DC1-8FD3-497D-B426-77C5DEE981CF}.Release|x86.ActiveCfg = Release|Any CPU
		{C5286DC1-8FD3-497D-B426-77C5DEE981CF}.Release|x86.Build.0 = Release|Any CPU
		{C5286DC1-8FD3-497D-B426-77C5DEE981CF}.Release|x86.Deploy.0 = Release|Any CPU
		{36F33BFE-94E1-4E85-BFDF-7E8C6DC32151}.Debug|Any CPU.ActiveCfg = Debug|Any CPU
		{36F33BFE-94E1-4E85-BFDF-7E8C6DC32151}.Debug|Any CPU.Build.0 = Debug|Any CPU
		{36F33BFE-94E1-4E85-BFDF-7E8C6DC32151}.Debug|x86.ActiveCfg = Debug|Any CPU
		{36F33BFE-94E1-4E85-BFDF-7E8C6DC32151}.Debug|x86.Build.0 = Debug|Any CPU
		{36F33BFE-94E1-4E85-BFDF-7E8C6DC32151}.Release|Any CPU.ActiveCfg = Release|Any CPU
		{36F33BFE-94E1-4E85-BFDF-7E8C6DC32151}.Release|Any CPU.Build.0 = Release|Any CPU
		{36F33BFE-94E1-4E85-BFDF-7E8C6DC32151}.Release|x86.ActiveCfg = Release|Any CPU
		{36F33BFE-94E1-4E85-BFDF-7E8C6DC32151}.Release|x86.Build.0 = Release|Any CPU
		{34F2AF27-4843-441E-BF3A-D7FF8CA8BC96}.Debug|Any CPU.ActiveCfg = Debug|Any CPU
		{34F2AF27-4843-441E-BF3A-D7FF8CA8BC96}.Debug|Any CPU.Build.0 = Debug|Any CPU
		{34F2AF27-4843-441E-BF3A-D7FF8CA8BC96}.Debug|x86.ActiveCfg = Debug|Any CPU
		{34F2AF27-4843-441E-BF3A-D7FF8CA8BC96}.Debug|x86.Build.0 = Debug|Any CPU
		{34F2AF27-4843-441E-BF3A-D7FF8CA8BC96}.Release|Any CPU.ActiveCfg = Release|Any CPU
		{34F2AF27-4843-441E-BF3A-D7FF8CA8BC96}.Release|Any CPU.Build.0 = Release|Any CPU
		{34F2AF27-4843-441E-BF3A-D7FF8CA8BC96}.Release|x86.ActiveCfg = Release|Any CPU
		{34F2AF27-4843-441E-BF3A-D7FF8CA8BC96}.Release|x86.Build.0 = Release|Any CPU
		{32492BB6-936E-4DDA-8086-21EC3B630CE2}.Debug|Any CPU.ActiveCfg = Debug|Any CPU
		{32492BB6-936E-4DDA-8086-21EC3B630CE2}.Debug|Any CPU.Build.0 = Debug|Any CPU
		{32492BB6-936E-4DDA-8086-21EC3B630CE2}.Debug|x86.ActiveCfg = Debug|Any CPU
		{32492BB6-936E-4DDA-8086-21EC3B630CE2}.Debug|x86.Build.0 = Debug|Any CPU
		{32492BB6-936E-4DDA-8086-21EC3B630CE2}.Release|Any CPU.ActiveCfg = Release|Any CPU
		{32492BB6-936E-4DDA-8086-21EC3B630CE2}.Release|Any CPU.Build.0 = Release|Any CPU
		{32492BB6-936E-4DDA-8086-21EC3B630CE2}.Release|x86.ActiveCfg = Release|Any CPU
		{32492BB6-936E-4DDA-8086-21EC3B630CE2}.Release|x86.Build.0 = Release|Any CPU
	EndGlobalSection
	GlobalSection(SolutionProperties) = preSolution
		HideSolutionNode = FALSE
	EndGlobalSection
	GlobalSection(NestedProjects) = preSolution
		{4A366686-E6AF-4AF0-9199-8BE691A5A392} = {C45EA757-D80F-48B1-B42F-5755F6F9897B}
		{508A525E-C6B0-41F4-8236-FFAB023A3BDA} = {C45EA757-D80F-48B1-B42F-5755F6F9897B}
		{9E8BE3E5-A35A-4548-8D2C-5CC218C283DC} = {C45EA757-D80F-48B1-B42F-5755F6F9897B}
		{C5286DC1-8FD3-497D-B426-77C5DEE981CF} = {C45EA757-D80F-48B1-B42F-5755F6F9897B}
		{D94A5DCC-F8D7-477D-97F9-27888A2F7EED} = {C45EA757-D80F-48B1-B42F-5755F6F9897B}
		{36F33BFE-94E1-4E85-BFDF-7E8C6DC32151} = {D94A5DCC-F8D7-477D-97F9-27888A2F7EED}
		{34F2AF27-4843-441E-BF3A-D7FF8CA8BC96} = {D94A5DCC-F8D7-477D-97F9-27888A2F7EED}
		{32492BB6-936E-4DDA-8086-21EC3B630CE2} = {C45EA757-D80F-48B1-B42F-5755F6F9897B}
	EndGlobalSection
EndGlobal
