
Microsoft Visual Studio Solution File, Format Version 12.00
# Visual Studio 14
VisualStudioVersion = 14.0.23107.0
MinimumVisualStudioVersion = 10.0.40219.1
Project("{FAE04EC0-301F-11D3-BF4B-00C04F79EFBC}") = "BindingsGen", "BindingsGen\BindingsGen.csproj", "{6CE61C1E-E93A-404A-89B7-1E8EA3BAF663}"
EndProject
Project("{FAE04EC0-301F-11D3-BF4B-00C04F79EFBC}") = "OpenGL.Net", "OpenGL.Net\OpenGL.Net.csproj", "{ABB8DFA8-473A-4FC1-85C0-E21680772A58}"
EndProject
Project("{FAE04EC0-301F-11D3-BF4B-00C04F79EFBC}") = "OpenGL.Net.Test", "OpenGL.Net.Test\OpenGL.Net.Test.csproj", "{861A0458-2848-4585-B844-8945E4B61B5C}"
EndProject
Project("{FAE04EC0-301F-11D3-BF4B-00C04F79EFBC}") = "OpenGL.Hal", "OpenGL.Hal\OpenGL.Hal.csproj", "{B1656959-9AEE-45F3-A382-1BD0EAC86918}"
EndProject
Project("{2150E333-8FDC-42A3-9474-1A3956D46DE8}") = "OpenGL Specs", "OpenGL Specs", "{74055295-3E82-45FF-8748-6130F534C8B0}"
	ProjectSection(SolutionItems) = preProject
		GLSpecs\egl.xml = GLSpecs\egl.xml
		GLSpecs\gl.xml = GLSpecs\gl.xml
		GLSpecs\glx.xml = GLSpecs\glx.xml
		GLSpecs\wgl.xml = GLSpecs\wgl.xml
	EndProjectSection
EndProject
Project("{FAE04EC0-301F-11D3-BF4B-00C04F79EFBC}") = "OpenGL.Hal.Test", "OpenGL.Hal.Test\OpenGL.Hal.Test.csproj", "{9AB979CC-DABB-4A8E-95DE-D6A72B4C68BD}"
EndProject
Project("{2150E333-8FDC-42A3-9474-1A3956D46DE8}") = "Samples", "Samples", "{27084413-0B38-41E6-938B-7BBC697DDD25}"
EndProject
Project("{FAE04EC0-301F-11D3-BF4B-00C04F79EFBC}") = "HelloWorld", "Samples\HelloWorld\HelloWorld.csproj", "{A1D1DFF5-1438-4DF3-8C94-60AB3EF3B877}"
EndProject
Project("{2150E333-8FDC-42A3-9474-1A3956D46DE8}") = "OpenGL.Hal.Plugins", "OpenGL.Hal.Plugins", "{35732ED5-DD97-486F-833E-A1C6D7D14006}"
EndProject
Project("{8BC9CEB8-8B4A-11D0-8D11-00A0C91BC942}") = "OpenGL.Hal.LibTIFF", "OpenGL.Hal.Plugins\OpenGL.Hal.LibTIFF\OpenGL.Hal.TIFF.vcxproj", "{01634CB6-D1EB-42A5-B366-F57CFC7419D7}"
	ProjectSection(ProjectDependencies) = postProject
		{276EA7DE-7791-4A67-A793-325E178B08A1} = {276EA7DE-7791-4A67-A793-325E178B08A1}
	EndProjectSection
EndProject
Project("{2150E333-8FDC-42A3-9474-1A3956D46DE8}") = "Libs", "Libs", "{8D3C7F5E-FC97-481A-B315-4283AA4C8001}"
EndProject
Project("{8BC9CEB8-8B4A-11D0-8D11-00A0C91BC942}") = "LibTIFF", "Libs\LibTIFF\LibTIFF.vcxproj", "{276EA7DE-7791-4A67-A793-325E178B08A1}"
	ProjectSection(ProjectDependencies) = postProject
		{7AE8DC62-483E-495A-BA79-0458DB5CDDD4} = {7AE8DC62-483E-495A-BA79-0458DB5CDDD4}
		{B5AC9ADA-C273-4F83-8805-8A1EA4BB1F8A} = {B5AC9ADA-C273-4F83-8805-8A1EA4BB1F8A}
	EndProjectSection
EndProject
Project("{8BC9CEB8-8B4A-11D0-8D11-00A0C91BC942}") = "ZLib", "Libs\ZLib\ZLib.vcxproj", "{7AE8DC62-483E-495A-BA79-0458DB5CDDD4}"
EndProject
Project("{8BC9CEB8-8B4A-11D0-8D11-00A0C91BC942}") = "LibJPEG", "Libs\LibJPEG\LibJPEG.vcxproj", "{B5AC9ADA-C273-4F83-8805-8A1EA4BB1F8A}"
EndProject
Project("{8BC9CEB8-8B4A-11D0-8D11-00A0C91BC942}") = "PluginsSdk", "OpenGL.Hal.Plugins\PluginsSdk\PluginsSdk.vcxproj", "{23449D6A-DE23-405D-917B-587E3BB1DC63}"
EndProject
Global
	GlobalSection(SolutionConfigurationPlatforms) = preSolution
		Debug|x64 = Debug|x64
		Debug|x86 = Debug|x86
		Release|x64 = Release|x64
		Release|x86 = Release|x86
	EndGlobalSection
	GlobalSection(ProjectConfigurationPlatforms) = postSolution
		{6CE61C1E-E93A-404A-89B7-1E8EA3BAF663}.Debug|x64.ActiveCfg = Debug|Any CPU
		{6CE61C1E-E93A-404A-89B7-1E8EA3BAF663}.Debug|x64.Build.0 = Debug|Any CPU
		{6CE61C1E-E93A-404A-89B7-1E8EA3BAF663}.Debug|x86.ActiveCfg = Debug|Any CPU
		{6CE61C1E-E93A-404A-89B7-1E8EA3BAF663}.Debug|x86.Build.0 = Debug|Any CPU
		{6CE61C1E-E93A-404A-89B7-1E8EA3BAF663}.Release|x64.ActiveCfg = Release|Any CPU
		{6CE61C1E-E93A-404A-89B7-1E8EA3BAF663}.Release|x64.Build.0 = Release|Any CPU
		{6CE61C1E-E93A-404A-89B7-1E8EA3BAF663}.Release|x86.ActiveCfg = Release|Any CPU
		{6CE61C1E-E93A-404A-89B7-1E8EA3BAF663}.Release|x86.Build.0 = Release|Any CPU
		{ABB8DFA8-473A-4FC1-85C0-E21680772A58}.Debug|x64.ActiveCfg = Debug|Any CPU
		{ABB8DFA8-473A-4FC1-85C0-E21680772A58}.Debug|x64.Build.0 = Debug|Any CPU
		{ABB8DFA8-473A-4FC1-85C0-E21680772A58}.Debug|x86.ActiveCfg = Debug|x86
		{ABB8DFA8-473A-4FC1-85C0-E21680772A58}.Debug|x86.Build.0 = Debug|x86
		{ABB8DFA8-473A-4FC1-85C0-E21680772A58}.Release|x64.ActiveCfg = Release|Any CPU
		{ABB8DFA8-473A-4FC1-85C0-E21680772A58}.Release|x64.Build.0 = Release|Any CPU
		{ABB8DFA8-473A-4FC1-85C0-E21680772A58}.Release|x86.ActiveCfg = Release|x86
		{ABB8DFA8-473A-4FC1-85C0-E21680772A58}.Release|x86.Build.0 = Release|x86
		{861A0458-2848-4585-B844-8945E4B61B5C}.Debug|x64.ActiveCfg = Debug|Any CPU
		{861A0458-2848-4585-B844-8945E4B61B5C}.Debug|x64.Build.0 = Debug|Any CPU
		{861A0458-2848-4585-B844-8945E4B61B5C}.Debug|x86.ActiveCfg = Debug|x86
		{861A0458-2848-4585-B844-8945E4B61B5C}.Debug|x86.Build.0 = Debug|x86
		{861A0458-2848-4585-B844-8945E4B61B5C}.Release|x64.ActiveCfg = Release|Any CPU
		{861A0458-2848-4585-B844-8945E4B61B5C}.Release|x64.Build.0 = Release|Any CPU
		{861A0458-2848-4585-B844-8945E4B61B5C}.Release|x86.ActiveCfg = Release|x86
		{861A0458-2848-4585-B844-8945E4B61B5C}.Release|x86.Build.0 = Release|x86
		{B1656959-9AEE-45F3-A382-1BD0EAC86918}.Debug|x64.ActiveCfg = Debug|Any CPU
		{B1656959-9AEE-45F3-A382-1BD0EAC86918}.Debug|x64.Build.0 = Debug|Any CPU
		{B1656959-9AEE-45F3-A382-1BD0EAC86918}.Debug|x86.ActiveCfg = Debug|x86
		{B1656959-9AEE-45F3-A382-1BD0EAC86918}.Debug|x86.Build.0 = Debug|x86
		{B1656959-9AEE-45F3-A382-1BD0EAC86918}.Release|x64.ActiveCfg = Release|Any CPU
		{B1656959-9AEE-45F3-A382-1BD0EAC86918}.Release|x64.Build.0 = Release|Any CPU
		{B1656959-9AEE-45F3-A382-1BD0EAC86918}.Release|x86.ActiveCfg = Release|x86
		{B1656959-9AEE-45F3-A382-1BD0EAC86918}.Release|x86.Build.0 = Release|x86
		{9AB979CC-DABB-4A8E-95DE-D6A72B4C68BD}.Debug|x64.ActiveCfg = Debug|Any CPU
		{9AB979CC-DABB-4A8E-95DE-D6A72B4C68BD}.Debug|x64.Build.0 = Debug|Any CPU
		{9AB979CC-DABB-4A8E-95DE-D6A72B4C68BD}.Debug|x86.ActiveCfg = Debug|x86
		{9AB979CC-DABB-4A8E-95DE-D6A72B4C68BD}.Debug|x86.Build.0 = Debug|x86
		{9AB979CC-DABB-4A8E-95DE-D6A72B4C68BD}.Release|x64.ActiveCfg = Release|Any CPU
		{9AB979CC-DABB-4A8E-95DE-D6A72B4C68BD}.Release|x64.Build.0 = Release|Any CPU
		{9AB979CC-DABB-4A8E-95DE-D6A72B4C68BD}.Release|x86.ActiveCfg = Release|x86
		{9AB979CC-DABB-4A8E-95DE-D6A72B4C68BD}.Release|x86.Build.0 = Release|x86
		{A1D1DFF5-1438-4DF3-8C94-60AB3EF3B877}.Debug|x64.ActiveCfg = Debug|Any CPU
		{A1D1DFF5-1438-4DF3-8C94-60AB3EF3B877}.Debug|x64.Build.0 = Debug|Any CPU
		{A1D1DFF5-1438-4DF3-8C94-60AB3EF3B877}.Debug|x86.ActiveCfg = Debug|x86
		{A1D1DFF5-1438-4DF3-8C94-60AB3EF3B877}.Debug|x86.Build.0 = Debug|x86
		{A1D1DFF5-1438-4DF3-8C94-60AB3EF3B877}.Release|x64.ActiveCfg = Release|Any CPU
		{A1D1DFF5-1438-4DF3-8C94-60AB3EF3B877}.Release|x64.Build.0 = Release|Any CPU
		{A1D1DFF5-1438-4DF3-8C94-60AB3EF3B877}.Release|x86.ActiveCfg = Release|x86
		{A1D1DFF5-1438-4DF3-8C94-60AB3EF3B877}.Release|x86.Build.0 = Release|x86
		{01634CB6-D1EB-42A5-B366-F57CFC7419D7}.Debug|x64.ActiveCfg = Debug|x64
		{01634CB6-D1EB-42A5-B366-F57CFC7419D7}.Debug|x86.ActiveCfg = Debug|Win32
		{01634CB6-D1EB-42A5-B366-F57CFC7419D7}.Debug|x86.Build.0 = Debug|Win32
		{01634CB6-D1EB-42A5-B366-F57CFC7419D7}.Release|x64.ActiveCfg = Release|x64
		{01634CB6-D1EB-42A5-B366-F57CFC7419D7}.Release|x86.ActiveCfg = Release|Win32
		{01634CB6-D1EB-42A5-B366-F57CFC7419D7}.Release|x86.Build.0 = Release|Win32
		{276EA7DE-7791-4A67-A793-325E178B08A1}.Debug|x64.ActiveCfg = Debug|x64
		{276EA7DE-7791-4A67-A793-325E178B08A1}.Debug|x64.Build.0 = Debug|x64
		{276EA7DE-7791-4A67-A793-325E178B08A1}.Debug|x86.ActiveCfg = Debug|Win32
		{276EA7DE-7791-4A67-A793-325E178B08A1}.Debug|x86.Build.0 = Debug|Win32
		{276EA7DE-7791-4A67-A793-325E178B08A1}.Release|x64.ActiveCfg = Release|x64
		{276EA7DE-7791-4A67-A793-325E178B08A1}.Release|x64.Build.0 = Release|x64
		{276EA7DE-7791-4A67-A793-325E178B08A1}.Release|x86.ActiveCfg = Release|Win32
		{276EA7DE-7791-4A67-A793-325E178B08A1}.Release|x86.Build.0 = Release|Win32
		{7AE8DC62-483E-495A-BA79-0458DB5CDDD4}.Debug|x64.ActiveCfg = Debug|x64
		{7AE8DC62-483E-495A-BA79-0458DB5CDDD4}.Debug|x64.Build.0 = Debug|x64
		{7AE8DC62-483E-495A-BA79-0458DB5CDDD4}.Debug|x86.ActiveCfg = Debug|Win32
		{7AE8DC62-483E-495A-BA79-0458DB5CDDD4}.Debug|x86.Build.0 = Debug|Win32
		{7AE8DC62-483E-495A-BA79-0458DB5CDDD4}.Release|x64.ActiveCfg = Release|x64
		{7AE8DC62-483E-495A-BA79-0458DB5CDDD4}.Release|x64.Build.0 = Release|x64
		{7AE8DC62-483E-495A-BA79-0458DB5CDDD4}.Release|x86.ActiveCfg = Release|Win32
		{7AE8DC62-483E-495A-BA79-0458DB5CDDD4}.Release|x86.Build.0 = Release|Win32
		{B5AC9ADA-C273-4F83-8805-8A1EA4BB1F8A}.Debug|x64.ActiveCfg = Debug|x64
		{B5AC9ADA-C273-4F83-8805-8A1EA4BB1F8A}.Debug|x64.Build.0 = Debug|x64
		{B5AC9ADA-C273-4F83-8805-8A1EA4BB1F8A}.Debug|x86.ActiveCfg = Debug|Win32
		{B5AC9ADA-C273-4F83-8805-8A1EA4BB1F8A}.Debug|x86.Build.0 = Debug|Win32
		{B5AC9ADA-C273-4F83-8805-8A1EA4BB1F8A}.Release|x64.ActiveCfg = Release|x64
		{B5AC9ADA-C273-4F83-8805-8A1EA4BB1F8A}.Release|x64.Build.0 = Release|x64
		{B5AC9ADA-C273-4F83-8805-8A1EA4BB1F8A}.Release|x86.ActiveCfg = Release|Win32
		{B5AC9ADA-C273-4F83-8805-8A1EA4BB1F8A}.Release|x86.Build.0 = Release|Win32
		{23449D6A-DE23-405D-917B-587E3BB1DC63}.Debug|x64.ActiveCfg = Debug|x64
		{23449D6A-DE23-405D-917B-587E3BB1DC63}.Debug|x64.Build.0 = Debug|x64
		{23449D6A-DE23-405D-917B-587E3BB1DC63}.Debug|x86.ActiveCfg = Debug|Win32
		{23449D6A-DE23-405D-917B-587E3BB1DC63}.Debug|x86.Build.0 = Debug|Win32
		{23449D6A-DE23-405D-917B-587E3BB1DC63}.Release|x64.ActiveCfg = Release|x64
		{23449D6A-DE23-405D-917B-587E3BB1DC63}.Release|x64.Build.0 = Release|x64
		{23449D6A-DE23-405D-917B-587E3BB1DC63}.Release|x86.ActiveCfg = Release|Win32
		{23449D6A-DE23-405D-917B-587E3BB1DC63}.Release|x86.Build.0 = Release|Win32
	EndGlobalSection
	GlobalSection(SolutionProperties) = preSolution
		HideSolutionNode = FALSE
	EndGlobalSection
	GlobalSection(NestedProjects) = preSolution
		{A1D1DFF5-1438-4DF3-8C94-60AB3EF3B877} = {27084413-0B38-41E6-938B-7BBC697DDD25}
		{01634CB6-D1EB-42A5-B366-F57CFC7419D7} = {35732ED5-DD97-486F-833E-A1C6D7D14006}
		{276EA7DE-7791-4A67-A793-325E178B08A1} = {8D3C7F5E-FC97-481A-B315-4283AA4C8001}
		{7AE8DC62-483E-495A-BA79-0458DB5CDDD4} = {8D3C7F5E-FC97-481A-B315-4283AA4C8001}
		{B5AC9ADA-C273-4F83-8805-8A1EA4BB1F8A} = {8D3C7F5E-FC97-481A-B315-4283AA4C8001}
		{23449D6A-DE23-405D-917B-587E3BB1DC63} = {35732ED5-DD97-486F-833E-A1C6D7D14006}
	EndGlobalSection
EndGlobal
