
Microsoft Visual Studio Solution File, Format Version 12.00
# Visual Studio 14
VisualStudioVersion = 14.0.23107.0
MinimumVisualStudioVersion = 10.0.40219.1
Project("{FAE04EC0-301F-11D3-BF4B-00C04F79EFBC}") = "BindingsGen", "BindingsGen\BindingsGen.csproj", "{6CE61C1E-E93A-404A-89B7-1E8EA3BAF663}"
EndProject
Project("{FAE04EC0-301F-11D3-BF4B-00C04F79EFBC}") = "OpenGL.Net", "OpenGL.Net\OpenGL.Net.csproj", "{ABB8DFA8-473A-4FC1-85C0-E21680772A58}"
EndProject
Project("{FAE04EC0-301F-11D3-BF4B-00C04F79EFBC}") = "OpenGL.Net.Test", "OpenGL.Net.Test\OpenGL.Net.Test.csproj", "{861A0458-2848-4585-B844-8945E4B61B5C}"
EndProject
Project("{FAE04EC0-301F-11D3-BF4B-00C04F79EFBC}") = "OpenGL.Hal", "OpenGL.Hal\OpenGL.Hal.csproj", "{B1656959-9AEE-45F3-A382-1BD0EAC86918}"
EndProject
Project("{2150E333-8FDC-42A3-9474-1A3956D46DE8}") = "OpenGL Specs", "OpenGL Specs", "{74055295-3E82-45FF-8748-6130F534C8B0}"
	ProjectSection(SolutionItems) = preProject
		GLSpecs\egl.xml = GLSpecs\egl.xml
		GLSpecs\gl.xml = GLSpecs\gl.xml
		GLSpecs\glx.xml = GLSpecs\glx.xml
		GLSpecs\wgl.xml = GLSpecs\wgl.xml
	EndProjectSection
EndProject
Project("{FAE04EC0-301F-11D3-BF4B-00C04F79EFBC}") = "OpenGL.Hal.Test", "OpenGL.Hal.Test\OpenGL.Hal.Test.csproj", "{9AB979CC-DABB-4A8E-95DE-D6A72B4C68BD}"
EndProject
Project("{2150E333-8FDC-42A3-9474-1A3956D46DE8}") = "Samples", "Samples", "{27084413-0B38-41E6-938B-7BBC697DDD25}"
EndProject
Project("{FAE04EC0-301F-11D3-BF4B-00C04F79EFBC}") = "HelloNewton", "Samples\HelloTriangle\HelloNewton.csproj", "{A1D1DFF5-1438-4DF3-8C94-60AB3EF3B877}"
EndProject
Global
	GlobalSection(SolutionConfigurationPlatforms) = preSolution
		Debug|Any CPU = Debug|Any CPU
		Release|Any CPU = Release|Any CPU
	EndGlobalSection
	GlobalSection(ProjectConfigurationPlatforms) = postSolution
		{6CE61C1E-E93A-404A-89B7-1E8EA3BAF663}.Debug|Any CPU.ActiveCfg = Debug|Any CPU
		{6CE61C1E-E93A-404A-89B7-1E8EA3BAF663}.Debug|Any CPU.Build.0 = Debug|Any CPU
		{6CE61C1E-E93A-404A-89B7-1E8EA3BAF663}.Release|Any CPU.ActiveCfg = Release|Any CPU
		{6CE61C1E-E93A-404A-89B7-1E8EA3BAF663}.Release|Any CPU.Build.0 = Release|Any CPU
		{ABB8DFA8-473A-4FC1-85C0-E21680772A58}.Debug|Any CPU.ActiveCfg = Debug|Any CPU
		{ABB8DFA8-473A-4FC1-85C0-E21680772A58}.Debug|Any CPU.Build.0 = Debug|Any CPU
		{ABB8DFA8-473A-4FC1-85C0-E21680772A58}.Release|Any CPU.ActiveCfg = Release|Any CPU
		{ABB8DFA8-473A-4FC1-85C0-E21680772A58}.Release|Any CPU.Build.0 = Release|Any CPU
		{861A0458-2848-4585-B844-8945E4B61B5C}.Debug|Any CPU.ActiveCfg = Debug|Any CPU
		{861A0458-2848-4585-B844-8945E4B61B5C}.Debug|Any CPU.Build.0 = Debug|Any CPU
		{861A0458-2848-4585-B844-8945E4B61B5C}.Release|Any CPU.ActiveCfg = Release|Any CPU
		{861A0458-2848-4585-B844-8945E4B61B5C}.Release|Any CPU.Build.0 = Release|Any CPU
		{B1656959-9AEE-45F3-A382-1BD0EAC86918}.Debug|Any CPU.ActiveCfg = Debug|Any CPU
		{B1656959-9AEE-45F3-A382-1BD0EAC86918}.Debug|Any CPU.Build.0 = Debug|Any CPU
		{B1656959-9AEE-45F3-A382-1BD0EAC86918}.Release|Any CPU.ActiveCfg = Release|Any CPU
		{B1656959-9AEE-45F3-A382-1BD0EAC86918}.Release|Any CPU.Build.0 = Release|Any CPU
		{9AB979CC-DABB-4A8E-95DE-D6A72B4C68BD}.Debug|Any CPU.ActiveCfg = Debug|Any CPU
		{9AB979CC-DABB-4A8E-95DE-D6A72B4C68BD}.Debug|Any CPU.Build.0 = Debug|Any CPU
		{9AB979CC-DABB-4A8E-95DE-D6A72B4C68BD}.Release|Any CPU.ActiveCfg = Release|Any CPU
		{9AB979CC-DABB-4A8E-95DE-D6A72B4C68BD}.Release|Any CPU.Build.0 = Release|Any CPU
		{A1D1DFF5-1438-4DF3-8C94-60AB3EF3B877}.Debug|Any CPU.ActiveCfg = Debug|Any CPU
		{A1D1DFF5-1438-4DF3-8C94-60AB3EF3B877}.Debug|Any CPU.Build.0 = Debug|Any CPU
		{A1D1DFF5-1438-4DF3-8C94-60AB3EF3B877}.Release|Any CPU.ActiveCfg = Release|Any CPU
		{A1D1DFF5-1438-4DF3-8C94-60AB3EF3B877}.Release|Any CPU.Build.0 = Release|Any CPU
	EndGlobalSection
	GlobalSection(SolutionProperties) = preSolution
		HideSolutionNode = FALSE
	EndGlobalSection
	GlobalSection(NestedProjects) = preSolution
		{A1D1DFF5-1438-4DF3-8C94-60AB3EF3B877} = {27084413-0B38-41E6-938B-7BBC697DDD25}
	EndGlobalSection
EndGlobal
