
Microsoft Visual Studio Solution File, Format Version 12.00
# Visual Studio 14
VisualStudioVersion = 14.0.25420.1
MinimumVisualStudioVersion = 10.0.40219.1
Project("{FAE04EC0-301F-11D3-BF4B-00C04F79EFBC}") = "OpenGL.Net_net35", "OpenGL.Net\OpenGL.Net_net35.csproj", "{ABB8DFA8-473A-4FC1-85C0-E21680772A58}"
	ProjectSection(ProjectDependencies) = postProject
		{6CE61C1E-E93A-404A-89B7-1E8EA3BAF663} = {6CE61C1E-E93A-404A-89B7-1E8EA3BAF663}
	EndProjectSection
EndProject
Project("{FAE04EC0-301F-11D3-BF4B-00C04F79EFBC}") = "OpenGL.Net.Test_net35", "OpenGL.Net.Test\OpenGL.Net.Test_net35.csproj", "{861A0458-2848-4585-B844-8945E4B61B5C}"
EndProject
Project("{2150E333-8FDC-42A3-9474-1A3956D46DE8}") = "OpenGL Specs", "OpenGL Specs", "{74055295-3E82-45FF-8748-6130F534C8B0}"
	ProjectSection(SolutionItems) = preProject
		GLSpecs\egl.xml = GLSpecs\egl.xml
		GLSpecs\gl.xml = GLSpecs\gl.xml
		GLSpecs\glx.xml = GLSpecs\glx.xml
		GLSpecs\wgl.xml = GLSpecs\wgl.xml
	EndProjectSection
EndProject
Project("{FAE04EC0-301F-11D3-BF4B-00C04F79EFBC}") = "BindingsGen", "BindingsGen\BindingsGen.csproj", "{6CE61C1E-E93A-404A-89B7-1E8EA3BAF663}"
EndProject
Project("{2150E333-8FDC-42A3-9474-1A3956D46DE8}") = "Samples", "Samples", "{C45EA757-D80F-48B1-B42F-5755F6F9897B}"
EndProject
Project("{2150E333-8FDC-42A3-9474-1A3956D46DE8}") = "Solution Items", "Solution Items", "{BC9954B5-DF60-43BC-9F04-3FBB2D7DE8E8}"
	ProjectSection(SolutionItems) = preProject
		.appveyor.yml = .appveyor.yml
		.travis.yml = .travis.yml
		LICENSE = LICENSE
		OpenGL.Net.CoreProfile.nuspec = OpenGL.Net.CoreProfile.nuspec
		OpenGL.Net.Debug.nuspec = OpenGL.Net.Debug.nuspec
		OpenGL.Net.ES2Profile.nuspec = OpenGL.Net.ES2Profile.nuspec
		OpenGL.Net.nuspec = OpenGL.Net.nuspec
		OpenGL.Net.SC2Profile.nuspec = OpenGL.Net.SC2Profile.nuspec
		OpenGL.Net.VideoCore.nuspec = OpenGL.Net.VideoCore.nuspec
		OpenGL.Net.WinForms.nuspec = OpenGL.Net.WinForms.nuspec
		OpenGL.Net.Xamarin.Android.nuspec = OpenGL.Net.Xamarin.Android.nuspec
		README.md = README.md
	EndProjectSection
EndProject
Project("{FAE04EC0-301F-11D3-BF4B-00C04F79EFBC}") = "HelloTriangle", "Samples\HelloTriangle\HelloTriangle.csproj", "{4A366686-E6AF-4AF0-9199-8BE691A5A392}"
EndProject
Project("{FAE04EC0-301F-11D3-BF4B-00C04F79EFBC}") = "HelloTriangle.WPF", "Samples\HelloTriangle.WPF\HelloTriangle.WPF.csproj", "{508A525E-C6B0-41F4-8236-FFAB023A3BDA}"
EndProject
Project("{FAE04EC0-301F-11D3-BF4B-00C04F79EFBC}") = "OpenGL.Net.WinForms_net35", "OpenGL.Net.WinForms\OpenGL.Net.WinForms_net35.csproj", "{B65D2A92-28FB-400C-990A-C805A8586B60}"
EndProject
Project("{FAE04EC0-301F-11D3-BF4B-00C04F79EFBC}") = "OpenGL.Net.Xamarin.Android", "OpenGL.Net.Xamarin.Android\OpenGL.Net.Xamarin.Android.csproj", "{E5AFE227-06D5-4448-87D2-391E6B688F78}"
EndProject
Project("{F184B08F-C81C-45F6-A57F-5ABD9991F28F}") = "HelloTriangle.VB", "Samples\HelloTriangle.VB\HelloTriangle.VB.vbproj", "{9E8BE3E5-A35A-4548-8D2C-5CC218C283DC}"
EndProject
Project("{FAE04EC0-301F-11D3-BF4B-00C04F79EFBC}") = "HelloTriangle.Xamarin.Android", "Samples\HelloTriangle.Xamarin.Android\HelloTriangle.Xamarin.Android.csproj", "{C5286DC1-8FD3-497D-B426-77C5DEE981CF}"
EndProject
Project("{2150E333-8FDC-42A3-9474-1A3956D46DE8}") = "ContextSharing", "ContextSharing", "{D94A5DCC-F8D7-477D-97F9-27888A2F7EED}"
EndProject
Project("{FAE04EC0-301F-11D3-BF4B-00C04F79EFBC}") = "SimpleSharing", "Samples\ContextSharing\SimpleSharing\SimpleSharing.csproj", "{36F33BFE-94E1-4E85-BFDF-7E8C6DC32151}"
EndProject
Project("{FAE04EC0-301F-11D3-BF4B-00C04F79EFBC}") = "SingleContext", "Samples\ContextSharing\SingleContext\SingleContext.csproj", "{34F2AF27-4843-441E-BF3A-D7FF8CA8BC96}"
EndProject
Project("{FAE04EC0-301F-11D3-BF4B-00C04F79EFBC}") = "HelloTriangle.ANGLE", "Samples\HelloTriangle.ANGLE\HelloTriangle.ANGLE.csproj", "{32492BB6-936E-4DDA-8086-21EC3B630CE2}"
EndProject
Project("{FAE04EC0-301F-11D3-BF4B-00C04F79EFBC}") = "HelloTriangle.VideoCore", "Samples\HelloTriangle.VideoCore\HelloTriangle.VideoCore.csproj", "{2125A880-2A7D-4122-988A-1075D0E1FB22}"
EndProject
Project("{FAE04EC0-301F-11D3-BF4B-00C04F79EFBC}") = "OpenGL.Net.VideoCore", "OpenGL.Net.VideoCore\OpenGL.Net.VideoCore.csproj", "{53BDDF50-1755-4A72-935E-A052FC28BCBA}"
EndProject
Project("{2150E333-8FDC-42A3-9474-1A3956D46DE8}") = "WF", "WF", "{CA1B5E95-F2B3-4A2E-B3E8-9D2A86E20B7D}"
	ProjectSection(SolutionItems) = preProject
		GLSpecs\WF\wfc.h = GLSpecs\WF\wfc.h
		GLSpecs\WF\wfcext.h = GLSpecs\WF\wfcext.h
		GLSpecs\WF\wfcplatform.h = GLSpecs\WF\wfcplatform.h
		GLSpecs\WF\wfd.h = GLSpecs\WF\wfd.h
		GLSpecs\WF\wfdext.h = GLSpecs\WF\wfdext.h
		GLSpecs\WF\wfdplatform.h = GLSpecs\WF\wfdplatform.h
	EndProjectSection
EndProject
Project("{FAE04EC0-301F-11D3-BF4B-00C04F79EFBC}") = "OpenWF.Net", "OpenWF.Net\OpenWF.Net.csproj", "{E8E7D5BA-D0A6-4A6C-A748-C1AAAF2C0473}"
EndProject
Project("{FAE04EC0-301F-11D3-BF4B-00C04F79EFBC}") = "OpenGL.Net.OpenWF", "OpenGL.Net.OpenWF\OpenGL.Net.OpenWF.csproj", "{7D2E34E4-2173-4D6F-9A01-E661618F5C79}"
EndProject
Project("{FAE04EC0-301F-11D3-BF4B-00C04F79EFBC}") = "HelloTriangle.OpenWF", "Samples\HelloTriangle.OpenWF\HelloTriangle.OpenWF.csproj", "{562101BC-C94F-4D6D-A06D-3C9A2CB5DB0A}"
EndProject
Project("{FAE04EC0-301F-11D3-BF4B-00C04F79EFBC}") = "OffscreenTriangle", "Samples\OffscreenTriangle\OffscreenTriangle.csproj", "{849A96E5-53A3-4D6C-AACA-7567F1A4AB46}"
EndProject
Project("{FAE04EC0-301F-11D3-BF4B-00C04F79EFBC}") = "OpenGL.Net_net461", "OpenGL.Net\OpenGL.Net_net461.csproj", "{9E3018F3-770E-4CFD-87D0-BAEE66E9FE8F}"
	ProjectSection(ProjectDependencies) = postProject
		{6CE61C1E-E93A-404A-89B7-1E8EA3BAF663} = {6CE61C1E-E93A-404A-89B7-1E8EA3BAF663}
	EndProjectSection
EndProject
Project("{FAE04EC0-301F-11D3-BF4B-00C04F79EFBC}") = "OpenGL.Net.Test_net461", "OpenGL.Net.Test\OpenGL.Net.Test_net461.csproj", "{2C30C91A-47DB-4D35-8FA1-4BCE4DC4C1FE}"
EndProject
Project("{2150E333-8FDC-42A3-9474-1A3956D46DE8}") = "Tests", "Tests", "{0250BB1C-FF02-4600-9E80-E7EF067C51B6}"
EndProject
Project("{FAE04EC0-301F-11D3-BF4B-00C04F79EFBC}") = "OpenGL.Net.WinForms_net461", "OpenGL.Net.WinForms\OpenGL.Net.WinForms_net461.csproj", "{1DA7D767-B83A-416E-A235-2EBE0FBE1769}"
EndProject
Project("{FAE04EC0-301F-11D3-BF4B-00C04F79EFBC}") = "HelloTriangle.GTK", "Samples\HelloTriangle.GTK\HelloTriangle.GTK.csproj", "{CABD7C7F-6A40-45F6-A396-BFFDB8DA985D}"
EndProject
Project("{2150E333-8FDC-42A3-9474-1A3956D46DE8}") = "Tools", "Tools", "{BAF8E731-4A3E-4AC9-A979-D08234CB09DE}"
EndProject
Project("{FAE04EC0-301F-11D3-BF4B-00C04F79EFBC}") = "OpenGL.Net.GTK3_net461", "OpenGL.Net.GTK3\OpenGL.Net.GTK3_net461.csproj", "{1EDC57AC-6E7A-43E6-9481-5354F37FA6F7}"
EndProject
Project("{FAE04EC0-301F-11D3-BF4B-00C04F79EFBC}") = "OpenGL.Net.GTK3_net35", "OpenGL.Net.GTK3\OpenGL.Net.GTK3_net35.csproj", "{73A9C3CD-3467-47B6-976B-8F0B7C22140B}"
EndProject
Project("{2150E333-8FDC-42A3-9474-1A3956D46DE8}") = "Toolkits", "Toolkits", "{81BBBDCD-40F4-43F2-BAA6-AE8280C19105}"
EndProject
Project("{FAE04EC0-301F-11D3-BF4B-00C04F79EFBC}") = "OpenGL.Net.CoreUI_net35", "OpenGL.Net.CoreUI\OpenGL.Net.CoreUI_net35.csproj", "{574716B9-F7D9-44C7-8E65-E5827EA031D0}"
EndProject
Project("{FAE04EC0-301F-11D3-BF4B-00C04F79EFBC}") = "OpenGL.Net.CoreUI_net461", "OpenGL.Net.CoreUI\OpenGL.Net.CoreUI_net461.csproj", "{8BA9350B-43FB-4DD7-8F53-90F508795AE8}"
EndProject
Project("{FAE04EC0-301F-11D3-BF4B-00C04F79EFBC}") = "HelloTriangle.CoreUI", "Samples\HelloTriangle.CoreUI\HelloTriangle.CoreUI.csproj", "{4981E3E9-2B94-4C3C-8A1D-8A5DEE831DAA}"
EndProject
Project("{FAE04EC0-301F-11D3-BF4B-00C04F79EFBC}") = "OpenGL.Net.Objects", "OpenGL.Net.Objects\OpenGL.Net.Objects.csproj", "{01314A39-AE2A-44F6-BA14-8C961583C75C}"
EndProject
Project("{FAE04EC0-301F-11D3-BF4B-00C04F79EFBC}") = "OpenGL.Net.Objects.Test", "OpenGL.Net.Objects.Test\OpenGL.Net.Objects.Test.csproj", "{F53609AC-A012-4067-B122-7436832021BB}"
EndProject
Global
	GlobalSection(SolutionConfigurationPlatforms) = preSolution
		Debug|Any CPU = Debug|Any CPU
		Debug|x86 = Debug|x86
		Release|Any CPU = Release|Any CPU
		Release|x86 = Release|x86
	EndGlobalSection
	GlobalSection(ProjectConfigurationPlatforms) = postSolution
		{ABB8DFA8-473A-4FC1-85C0-E21680772A58}.Debug|Any CPU.ActiveCfg = Debug|Any CPU
		{ABB8DFA8-473A-4FC1-85C0-E21680772A58}.Debug|Any CPU.Build.0 = Debug|Any CPU
		{ABB8DFA8-473A-4FC1-85C0-E21680772A58}.Debug|x86.ActiveCfg = Debug|x86
		{ABB8DFA8-473A-4FC1-85C0-E21680772A58}.Debug|x86.Build.0 = Debug|x86
		{ABB8DFA8-473A-4FC1-85C0-E21680772A58}.Release|Any CPU.ActiveCfg = Release|Any CPU
		{ABB8DFA8-473A-4FC1-85C0-E21680772A58}.Release|Any CPU.Build.0 = Release|Any CPU
		{ABB8DFA8-473A-4FC1-85C0-E21680772A58}.Release|x86.ActiveCfg = Release|x86
		{ABB8DFA8-473A-4FC1-85C0-E21680772A58}.Release|x86.Build.0 = Release|x86
		{861A0458-2848-4585-B844-8945E4B61B5C}.Debug|Any CPU.ActiveCfg = Debug|Any CPU
		{861A0458-2848-4585-B844-8945E4B61B5C}.Debug|Any CPU.Build.0 = Debug|Any CPU
		{861A0458-2848-4585-B844-8945E4B61B5C}.Debug|x86.ActiveCfg = Debug|x86
		{861A0458-2848-4585-B844-8945E4B61B5C}.Debug|x86.Build.0 = Debug|x86
		{861A0458-2848-4585-B844-8945E4B61B5C}.Release|Any CPU.ActiveCfg = Release|Any CPU
		{861A0458-2848-4585-B844-8945E4B61B5C}.Release|Any CPU.Build.0 = Release|Any CPU
		{861A0458-2848-4585-B844-8945E4B61B5C}.Release|x86.ActiveCfg = Release|x86
		{861A0458-2848-4585-B844-8945E4B61B5C}.Release|x86.Build.0 = Release|x86
		{6CE61C1E-E93A-404A-89B7-1E8EA3BAF663}.Debug|Any CPU.ActiveCfg = Debug|Any CPU
		{6CE61C1E-E93A-404A-89B7-1E8EA3BAF663}.Debug|Any CPU.Build.0 = Debug|Any CPU
		{6CE61C1E-E93A-404A-89B7-1E8EA3BAF663}.Debug|x86.ActiveCfg = Debug|Any CPU
		{6CE61C1E-E93A-404A-89B7-1E8EA3BAF663}.Debug|x86.Build.0 = Debug|Any CPU
		{6CE61C1E-E93A-404A-89B7-1E8EA3BAF663}.Release|Any CPU.ActiveCfg = Release|Any CPU
		{6CE61C1E-E93A-404A-89B7-1E8EA3BAF663}.Release|Any CPU.Build.0 = Release|Any CPU
		{6CE61C1E-E93A-404A-89B7-1E8EA3BAF663}.Release|x86.ActiveCfg = Release|Any CPU
		{6CE61C1E-E93A-404A-89B7-1E8EA3BAF663}.Release|x86.Build.0 = Release|Any CPU
		{4A366686-E6AF-4AF0-9199-8BE691A5A392}.Debug|Any CPU.ActiveCfg = Debug|Any CPU
		{4A366686-E6AF-4AF0-9199-8BE691A5A392}.Debug|Any CPU.Build.0 = Debug|Any CPU
		{4A366686-E6AF-4AF0-9199-8BE691A5A392}.Debug|x86.ActiveCfg = Debug|x86
		{4A366686-E6AF-4AF0-9199-8BE691A5A392}.Debug|x86.Build.0 = Debug|x86
		{4A366686-E6AF-4AF0-9199-8BE691A5A392}.Release|Any CPU.ActiveCfg = Release|Any CPU
		{4A366686-E6AF-4AF0-9199-8BE691A5A392}.Release|Any CPU.Build.0 = Release|Any CPU
		{4A366686-E6AF-4AF0-9199-8BE691A5A392}.Release|x86.ActiveCfg = Release|Any CPU
		{4A366686-E6AF-4AF0-9199-8BE691A5A392}.Release|x86.Build.0 = Release|Any CPU
		{508A525E-C6B0-41F4-8236-FFAB023A3BDA}.Debug|Any CPU.ActiveCfg = Debug|Any CPU
		{508A525E-C6B0-41F4-8236-FFAB023A3BDA}.Debug|Any CPU.Build.0 = Debug|Any CPU
		{508A525E-C6B0-41F4-8236-FFAB023A3BDA}.Debug|x86.ActiveCfg = Debug|Any CPU
		{508A525E-C6B0-41F4-8236-FFAB023A3BDA}.Debug|x86.Build.0 = Debug|Any CPU
		{508A525E-C6B0-41F4-8236-FFAB023A3BDA}.Release|Any CPU.ActiveCfg = Release|Any CPU
		{508A525E-C6B0-41F4-8236-FFAB023A3BDA}.Release|Any CPU.Build.0 = Release|Any CPU
		{508A525E-C6B0-41F4-8236-FFAB023A3BDA}.Release|x86.ActiveCfg = Release|Any CPU
		{508A525E-C6B0-41F4-8236-FFAB023A3BDA}.Release|x86.Build.0 = Release|Any CPU
		{B65D2A92-28FB-400C-990A-C805A8586B60}.Debug|Any CPU.ActiveCfg = Debug|Any CPU
		{B65D2A92-28FB-400C-990A-C805A8586B60}.Debug|Any CPU.Build.0 = Debug|Any CPU
		{B65D2A92-28FB-400C-990A-C805A8586B60}.Debug|x86.ActiveCfg = Debug|x86
		{B65D2A92-28FB-400C-990A-C805A8586B60}.Debug|x86.Build.0 = Debug|x86
		{B65D2A92-28FB-400C-990A-C805A8586B60}.Release|Any CPU.ActiveCfg = Release|Any CPU
		{B65D2A92-28FB-400C-990A-C805A8586B60}.Release|Any CPU.Build.0 = Release|Any CPU
		{B65D2A92-28FB-400C-990A-C805A8586B60}.Release|x86.ActiveCfg = Release|x86
		{B65D2A92-28FB-400C-990A-C805A8586B60}.Release|x86.Build.0 = Release|x86
		{E5AFE227-06D5-4448-87D2-391E6B688F78}.Debug|Any CPU.ActiveCfg = Debug|Any CPU
		{E5AFE227-06D5-4448-87D2-391E6B688F78}.Debug|Any CPU.Build.0 = Debug|Any CPU
		{E5AFE227-06D5-4448-87D2-391E6B688F78}.Debug|x86.ActiveCfg = Debug|Any CPU
		{E5AFE227-06D5-4448-87D2-391E6B688F78}.Debug|x86.Build.0 = Debug|Any CPU
		{E5AFE227-06D5-4448-87D2-391E6B688F78}.Release|Any CPU.ActiveCfg = Release|Any CPU
		{E5AFE227-06D5-4448-87D2-391E6B688F78}.Release|Any CPU.Build.0 = Release|Any CPU
		{E5AFE227-06D5-4448-87D2-391E6B688F78}.Release|x86.ActiveCfg = Release|Any CPU
		{E5AFE227-06D5-4448-87D2-391E6B688F78}.Release|x86.Build.0 = Release|Any CPU
		{9E8BE3E5-A35A-4548-8D2C-5CC218C283DC}.Debug|Any CPU.ActiveCfg = Debug|Any CPU
		{9E8BE3E5-A35A-4548-8D2C-5CC218C283DC}.Debug|Any CPU.Build.0 = Debug|Any CPU
		{9E8BE3E5-A35A-4548-8D2C-5CC218C283DC}.Debug|x86.ActiveCfg = Debug|Any CPU
		{9E8BE3E5-A35A-4548-8D2C-5CC218C283DC}.Debug|x86.Build.0 = Debug|Any CPU
		{9E8BE3E5-A35A-4548-8D2C-5CC218C283DC}.Release|Any CPU.ActiveCfg = Release|Any CPU
		{9E8BE3E5-A35A-4548-8D2C-5CC218C283DC}.Release|Any CPU.Build.0 = Release|Any CPU
		{9E8BE3E5-A35A-4548-8D2C-5CC218C283DC}.Release|x86.ActiveCfg = Release|Any CPU
		{9E8BE3E5-A35A-4548-8D2C-5CC218C283DC}.Release|x86.Build.0 = Release|Any CPU
		{C5286DC1-8FD3-497D-B426-77C5DEE981CF}.Debug|Any CPU.ActiveCfg = Debug|Any CPU
		{C5286DC1-8FD3-497D-B426-77C5DEE981CF}.Debug|Any CPU.Build.0 = Debug|Any CPU
		{C5286DC1-8FD3-497D-B426-77C5DEE981CF}.Debug|Any CPU.Deploy.0 = Debug|Any CPU
		{C5286DC1-8FD3-497D-B426-77C5DEE981CF}.Debug|x86.ActiveCfg = Debug|Any CPU
		{C5286DC1-8FD3-497D-B426-77C5DEE981CF}.Debug|x86.Build.0 = Debug|Any CPU
		{C5286DC1-8FD3-497D-B426-77C5DEE981CF}.Debug|x86.Deploy.0 = Debug|Any CPU
		{C5286DC1-8FD3-497D-B426-77C5DEE981CF}.Release|Any CPU.ActiveCfg = Release|Any CPU
		{C5286DC1-8FD3-497D-B426-77C5DEE981CF}.Release|Any CPU.Build.0 = Release|Any CPU
		{C5286DC1-8FD3-497D-B426-77C5DEE981CF}.Release|Any CPU.Deploy.0 = Release|Any CPU
		{C5286DC1-8FD3-497D-B426-77C5DEE981CF}.Release|x86.ActiveCfg = Release|Any CPU
		{C5286DC1-8FD3-497D-B426-77C5DEE981CF}.Release|x86.Build.0 = Release|Any CPU
		{C5286DC1-8FD3-497D-B426-77C5DEE981CF}.Release|x86.Deploy.0 = Release|Any CPU
		{36F33BFE-94E1-4E85-BFDF-7E8C6DC32151}.Debug|Any CPU.ActiveCfg = Debug|Any CPU
		{36F33BFE-94E1-4E85-BFDF-7E8C6DC32151}.Debug|Any CPU.Build.0 = Debug|Any CPU
		{36F33BFE-94E1-4E85-BFDF-7E8C6DC32151}.Debug|x86.ActiveCfg = Debug|Any CPU
		{36F33BFE-94E1-4E85-BFDF-7E8C6DC32151}.Debug|x86.Build.0 = Debug|Any CPU
		{36F33BFE-94E1-4E85-BFDF-7E8C6DC32151}.Release|Any CPU.ActiveCfg = Release|Any CPU
		{36F33BFE-94E1-4E85-BFDF-7E8C6DC32151}.Release|Any CPU.Build.0 = Release|Any CPU
		{36F33BFE-94E1-4E85-BFDF-7E8C6DC32151}.Release|x86.ActiveCfg = Release|Any CPU
		{36F33BFE-94E1-4E85-BFDF-7E8C6DC32151}.Release|x86.Build.0 = Release|Any CPU
		{34F2AF27-4843-441E-BF3A-D7FF8CA8BC96}.Debug|Any CPU.ActiveCfg = Debug|Any CPU
		{34F2AF27-4843-441E-BF3A-D7FF8CA8BC96}.Debug|Any CPU.Build.0 = Debug|Any CPU
		{34F2AF27-4843-441E-BF3A-D7FF8CA8BC96}.Debug|x86.ActiveCfg = Debug|Any CPU
		{34F2AF27-4843-441E-BF3A-D7FF8CA8BC96}.Debug|x86.Build.0 = Debug|Any CPU
		{34F2AF27-4843-441E-BF3A-D7FF8CA8BC96}.Release|Any CPU.ActiveCfg = Release|Any CPU
		{34F2AF27-4843-441E-BF3A-D7FF8CA8BC96}.Release|Any CPU.Build.0 = Release|Any CPU
		{34F2AF27-4843-441E-BF3A-D7FF8CA8BC96}.Release|x86.ActiveCfg = Release|Any CPU
		{34F2AF27-4843-441E-BF3A-D7FF8CA8BC96}.Release|x86.Build.0 = Release|Any CPU
		{32492BB6-936E-4DDA-8086-21EC3B630CE2}.Debug|Any CPU.ActiveCfg = Debug|Any CPU
		{32492BB6-936E-4DDA-8086-21EC3B630CE2}.Debug|Any CPU.Build.0 = Debug|Any CPU
		{32492BB6-936E-4DDA-8086-21EC3B630CE2}.Debug|x86.ActiveCfg = Debug|x86
		{32492BB6-936E-4DDA-8086-21EC3B630CE2}.Debug|x86.Build.0 = Debug|x86
		{32492BB6-936E-4DDA-8086-21EC3B630CE2}.Release|Any CPU.ActiveCfg = Release|Any CPU
		{32492BB6-936E-4DDA-8086-21EC3B630CE2}.Release|Any CPU.Build.0 = Release|Any CPU
		{32492BB6-936E-4DDA-8086-21EC3B630CE2}.Release|x86.ActiveCfg = Release|Any CPU
		{32492BB6-936E-4DDA-8086-21EC3B630CE2}.Release|x86.Build.0 = Release|Any CPU
		{2125A880-2A7D-4122-988A-1075D0E1FB22}.Debug|Any CPU.ActiveCfg = Debug|Any CPU
		{2125A880-2A7D-4122-988A-1075D0E1FB22}.Debug|Any CPU.Build.0 = Debug|Any CPU
		{2125A880-2A7D-4122-988A-1075D0E1FB22}.Debug|x86.ActiveCfg = Debug|Any CPU
		{2125A880-2A7D-4122-988A-1075D0E1FB22}.Debug|x86.Build.0 = Debug|Any CPU
		{2125A880-2A7D-4122-988A-1075D0E1FB22}.Release|Any CPU.ActiveCfg = Release|Any CPU
		{2125A880-2A7D-4122-988A-1075D0E1FB22}.Release|Any CPU.Build.0 = Release|Any CPU
		{2125A880-2A7D-4122-988A-1075D0E1FB22}.Release|x86.ActiveCfg = Release|Any CPU
		{2125A880-2A7D-4122-988A-1075D0E1FB22}.Release|x86.Build.0 = Release|Any CPU
		{53BDDF50-1755-4A72-935E-A052FC28BCBA}.Debug|Any CPU.ActiveCfg = Debug|Any CPU
		{53BDDF50-1755-4A72-935E-A052FC28BCBA}.Debug|Any CPU.Build.0 = Debug|Any CPU
		{53BDDF50-1755-4A72-935E-A052FC28BCBA}.Debug|x86.ActiveCfg = Debug|Any CPU
		{53BDDF50-1755-4A72-935E-A052FC28BCBA}.Debug|x86.Build.0 = Debug|Any CPU
		{53BDDF50-1755-4A72-935E-A052FC28BCBA}.Release|Any CPU.ActiveCfg = Release|Any CPU
		{53BDDF50-1755-4A72-935E-A052FC28BCBA}.Release|Any CPU.Build.0 = Release|Any CPU
		{53BDDF50-1755-4A72-935E-A052FC28BCBA}.Release|x86.ActiveCfg = Release|Any CPU
		{53BDDF50-1755-4A72-935E-A052FC28BCBA}.Release|x86.Build.0 = Release|Any CPU
		{E8E7D5BA-D0A6-4A6C-A748-C1AAAF2C0473}.Debug|Any CPU.ActiveCfg = Debug|Any CPU
		{E8E7D5BA-D0A6-4A6C-A748-C1AAAF2C0473}.Debug|Any CPU.Build.0 = Debug|Any CPU
		{E8E7D5BA-D0A6-4A6C-A748-C1AAAF2C0473}.Debug|x86.ActiveCfg = Debug|Any CPU
		{E8E7D5BA-D0A6-4A6C-A748-C1AAAF2C0473}.Debug|x86.Build.0 = Debug|Any CPU
		{E8E7D5BA-D0A6-4A6C-A748-C1AAAF2C0473}.Release|Any CPU.ActiveCfg = Release|Any CPU
		{E8E7D5BA-D0A6-4A6C-A748-C1AAAF2C0473}.Release|Any CPU.Build.0 = Release|Any CPU
		{E8E7D5BA-D0A6-4A6C-A748-C1AAAF2C0473}.Release|x86.ActiveCfg = Release|Any CPU
		{E8E7D5BA-D0A6-4A6C-A748-C1AAAF2C0473}.Release|x86.Build.0 = Release|Any CPU
		{7D2E34E4-2173-4D6F-9A01-E661618F5C79}.Debug|Any CPU.ActiveCfg = Debug|Any CPU
		{7D2E34E4-2173-4D6F-9A01-E661618F5C79}.Debug|Any CPU.Build.0 = Debug|Any CPU
		{7D2E34E4-2173-4D6F-9A01-E661618F5C79}.Debug|x86.ActiveCfg = Debug|Any CPU
		{7D2E34E4-2173-4D6F-9A01-E661618F5C79}.Debug|x86.Build.0 = Debug|Any CPU
		{7D2E34E4-2173-4D6F-9A01-E661618F5C79}.Release|Any CPU.ActiveCfg = Release|Any CPU
		{7D2E34E4-2173-4D6F-9A01-E661618F5C79}.Release|Any CPU.Build.0 = Release|Any CPU
		{7D2E34E4-2173-4D6F-9A01-E661618F5C79}.Release|x86.ActiveCfg = Release|Any CPU
		{7D2E34E4-2173-4D6F-9A01-E661618F5C79}.Release|x86.Build.0 = Release|Any CPU
		{562101BC-C94F-4D6D-A06D-3C9A2CB5DB0A}.Debug|Any CPU.ActiveCfg = Debug|Any CPU
		{562101BC-C94F-4D6D-A06D-3C9A2CB5DB0A}.Debug|Any CPU.Build.0 = Debug|Any CPU
		{562101BC-C94F-4D6D-A06D-3C9A2CB5DB0A}.Debug|x86.ActiveCfg = Debug|Any CPU
		{562101BC-C94F-4D6D-A06D-3C9A2CB5DB0A}.Debug|x86.Build.0 = Debug|Any CPU
		{562101BC-C94F-4D6D-A06D-3C9A2CB5DB0A}.Release|Any CPU.ActiveCfg = Release|Any CPU
		{562101BC-C94F-4D6D-A06D-3C9A2CB5DB0A}.Release|Any CPU.Build.0 = Release|Any CPU
		{562101BC-C94F-4D6D-A06D-3C9A2CB5DB0A}.Release|x86.ActiveCfg = Release|Any CPU
		{562101BC-C94F-4D6D-A06D-3C9A2CB5DB0A}.Release|x86.Build.0 = Release|Any CPU
		{849A96E5-53A3-4D6C-AACA-7567F1A4AB46}.Debug|Any CPU.ActiveCfg = Debug|Any CPU
		{849A96E5-53A3-4D6C-AACA-7567F1A4AB46}.Debug|Any CPU.Build.0 = Debug|Any CPU
		{849A96E5-53A3-4D6C-AACA-7567F1A4AB46}.Debug|x86.ActiveCfg = Debug|Any CPU
		{849A96E5-53A3-4D6C-AACA-7567F1A4AB46}.Debug|x86.Build.0 = Debug|Any CPU
		{849A96E5-53A3-4D6C-AACA-7567F1A4AB46}.Release|Any CPU.ActiveCfg = Release|Any CPU
		{849A96E5-53A3-4D6C-AACA-7567F1A4AB46}.Release|Any CPU.Build.0 = Release|Any CPU
		{849A96E5-53A3-4D6C-AACA-7567F1A4AB46}.Release|x86.ActiveCfg = Release|Any CPU
		{849A96E5-53A3-4D6C-AACA-7567F1A4AB46}.Release|x86.Build.0 = Release|Any CPU
		{9E3018F3-770E-4CFD-87D0-BAEE66E9FE8F}.Debug|Any CPU.ActiveCfg = Debug|Any CPU
		{9E3018F3-770E-4CFD-87D0-BAEE66E9FE8F}.Debug|Any CPU.Build.0 = Debug|Any CPU
		{9E3018F3-770E-4CFD-87D0-BAEE66E9FE8F}.Debug|x86.ActiveCfg = Debug|x86
		{9E3018F3-770E-4CFD-87D0-BAEE66E9FE8F}.Debug|x86.Build.0 = Debug|x86
		{9E3018F3-770E-4CFD-87D0-BAEE66E9FE8F}.Release|Any CPU.ActiveCfg = Release|Any CPU
		{9E3018F3-770E-4CFD-87D0-BAEE66E9FE8F}.Release|Any CPU.Build.0 = Release|Any CPU
		{9E3018F3-770E-4CFD-87D0-BAEE66E9FE8F}.Release|x86.ActiveCfg = Release|x86
		{9E3018F3-770E-4CFD-87D0-BAEE66E9FE8F}.Release|x86.Build.0 = Release|x86
		{2C30C91A-47DB-4D35-8FA1-4BCE4DC4C1FE}.Debug|Any CPU.ActiveCfg = Debug|Any CPU
		{2C30C91A-47DB-4D35-8FA1-4BCE4DC4C1FE}.Debug|Any CPU.Build.0 = Debug|Any CPU
		{2C30C91A-47DB-4D35-8FA1-4BCE4DC4C1FE}.Debug|x86.ActiveCfg = Debug|x86
		{2C30C91A-47DB-4D35-8FA1-4BCE4DC4C1FE}.Debug|x86.Build.0 = Debug|x86
		{2C30C91A-47DB-4D35-8FA1-4BCE4DC4C1FE}.Release|Any CPU.ActiveCfg = Release|Any CPU
		{2C30C91A-47DB-4D35-8FA1-4BCE4DC4C1FE}.Release|Any CPU.Build.0 = Release|Any CPU
		{2C30C91A-47DB-4D35-8FA1-4BCE4DC4C1FE}.Release|x86.ActiveCfg = Release|x86
		{2C30C91A-47DB-4D35-8FA1-4BCE4DC4C1FE}.Release|x86.Build.0 = Release|x86
		{1DA7D767-B83A-416E-A235-2EBE0FBE1769}.Debug|Any CPU.ActiveCfg = Debug|Any CPU
		{1DA7D767-B83A-416E-A235-2EBE0FBE1769}.Debug|Any CPU.Build.0 = Debug|Any CPU
		{1DA7D767-B83A-416E-A235-2EBE0FBE1769}.Debug|x86.ActiveCfg = Debug|x86
		{1DA7D767-B83A-416E-A235-2EBE0FBE1769}.Debug|x86.Build.0 = Debug|x86
		{1DA7D767-B83A-416E-A235-2EBE0FBE1769}.Release|Any CPU.ActiveCfg = Release|Any CPU
		{1DA7D767-B83A-416E-A235-2EBE0FBE1769}.Release|Any CPU.Build.0 = Release|Any CPU
		{1DA7D767-B83A-416E-A235-2EBE0FBE1769}.Release|x86.ActiveCfg = Release|x86
		{1DA7D767-B83A-416E-A235-2EBE0FBE1769}.Release|x86.Build.0 = Release|x86
		{CABD7C7F-6A40-45F6-A396-BFFDB8DA985D}.Debug|Any CPU.ActiveCfg = Debug|Any CPU
		{CABD7C7F-6A40-45F6-A396-BFFDB8DA985D}.Debug|Any CPU.Build.0 = Debug|Any CPU
		{CABD7C7F-6A40-45F6-A396-BFFDB8DA985D}.Debug|x86.ActiveCfg = Debug|x86
		{CABD7C7F-6A40-45F6-A396-BFFDB8DA985D}.Debug|x86.Build.0 = Debug|x86
		{CABD7C7F-6A40-45F6-A396-BFFDB8DA985D}.Release|Any CPU.ActiveCfg = Release|Any CPU
		{CABD7C7F-6A40-45F6-A396-BFFDB8DA985D}.Release|Any CPU.Build.0 = Release|Any CPU
		{CABD7C7F-6A40-45F6-A396-BFFDB8DA985D}.Release|x86.ActiveCfg = Release|x86
		{CABD7C7F-6A40-45F6-A396-BFFDB8DA985D}.Release|x86.Build.0 = Release|x86
		{1EDC57AC-6E7A-43E6-9481-5354F37FA6F7}.Debug|Any CPU.ActiveCfg = Debug|Any CPU
		{1EDC57AC-6E7A-43E6-9481-5354F37FA6F7}.Debug|Any CPU.Build.0 = Debug|Any CPU
		{1EDC57AC-6E7A-43E6-9481-5354F37FA6F7}.Debug|x86.ActiveCfg = Debug|x86
		{1EDC57AC-6E7A-43E6-9481-5354F37FA6F7}.Debug|x86.Build.0 = Debug|x86
		{1EDC57AC-6E7A-43E6-9481-5354F37FA6F7}.Release|Any CPU.ActiveCfg = Release|Any CPU
		{1EDC57AC-6E7A-43E6-9481-5354F37FA6F7}.Release|Any CPU.Build.0 = Release|Any CPU
		{1EDC57AC-6E7A-43E6-9481-5354F37FA6F7}.Release|x86.ActiveCfg = Release|x86
		{1EDC57AC-6E7A-43E6-9481-5354F37FA6F7}.Release|x86.Build.0 = Release|x86
		{73A9C3CD-3467-47B6-976B-8F0B7C22140B}.Debug|Any CPU.ActiveCfg = Debug|Any CPU
		{73A9C3CD-3467-47B6-976B-8F0B7C22140B}.Debug|Any CPU.Build.0 = Debug|Any CPU
		{73A9C3CD-3467-47B6-976B-8F0B7C22140B}.Debug|x86.ActiveCfg = Debug|x86
		{73A9C3CD-3467-47B6-976B-8F0B7C22140B}.Debug|x86.Build.0 = Debug|x86
		{73A9C3CD-3467-47B6-976B-8F0B7C22140B}.Release|Any CPU.ActiveCfg = Release|Any CPU
		{73A9C3CD-3467-47B6-976B-8F0B7C22140B}.Release|Any CPU.Build.0 = Release|Any CPU
		{73A9C3CD-3467-47B6-976B-8F0B7C22140B}.Release|x86.ActiveCfg = Release|x86
		{73A9C3CD-3467-47B6-976B-8F0B7C22140B}.Release|x86.Build.0 = Release|x86
		{574716B9-F7D9-44C7-8E65-E5827EA031D0}.Debug|Any CPU.ActiveCfg = Debug|Any CPU
		{574716B9-F7D9-44C7-8E65-E5827EA031D0}.Debug|Any CPU.Build.0 = Debug|Any CPU
		{574716B9-F7D9-44C7-8E65-E5827EA031D0}.Debug|x86.ActiveCfg = Debug|Any CPU
		{574716B9-F7D9-44C7-8E65-E5827EA031D0}.Debug|x86.Build.0 = Debug|Any CPU
		{574716B9-F7D9-44C7-8E65-E5827EA031D0}.Release|Any CPU.ActiveCfg = Release|Any CPU
		{574716B9-F7D9-44C7-8E65-E5827EA031D0}.Release|Any CPU.Build.0 = Release|Any CPU
		{574716B9-F7D9-44C7-8E65-E5827EA031D0}.Release|x86.ActiveCfg = Release|Any CPU
		{574716B9-F7D9-44C7-8E65-E5827EA031D0}.Release|x86.Build.0 = Release|Any CPU
		{8BA9350B-43FB-4DD7-8F53-90F508795AE8}.Debug|Any CPU.ActiveCfg = Debug|Any CPU
		{8BA9350B-43FB-4DD7-8F53-90F508795AE8}.Debug|Any CPU.Build.0 = Debug|Any CPU
		{8BA9350B-43FB-4DD7-8F53-90F508795AE8}.Debug|x86.ActiveCfg = Debug|Any CPU
		{8BA9350B-43FB-4DD7-8F53-90F508795AE8}.Debug|x86.Build.0 = Debug|Any CPU
		{8BA9350B-43FB-4DD7-8F53-90F508795AE8}.Release|Any CPU.ActiveCfg = Release|Any CPU
		{8BA9350B-43FB-4DD7-8F53-90F508795AE8}.Release|Any CPU.Build.0 = Release|Any CPU
		{8BA9350B-43FB-4DD7-8F53-90F508795AE8}.Release|x86.ActiveCfg = Release|Any CPU
		{8BA9350B-43FB-4DD7-8F53-90F508795AE8}.Release|x86.Build.0 = Release|Any CPU
		{4981E3E9-2B94-4C3C-8A1D-8A5DEE831DAA}.Debug|Any CPU.ActiveCfg = Debug|Any CPU
		{4981E3E9-2B94-4C3C-8A1D-8A5DEE831DAA}.Debug|Any CPU.Build.0 = Debug|Any CPU
		{4981E3E9-2B94-4C3C-8A1D-8A5DEE831DAA}.Debug|x86.ActiveCfg = Debug|Any CPU
		{4981E3E9-2B94-4C3C-8A1D-8A5DEE831DAA}.Debug|x86.Build.0 = Debug|Any CPU
		{4981E3E9-2B94-4C3C-8A1D-8A5DEE831DAA}.Release|Any CPU.ActiveCfg = Release|Any CPU
		{4981E3E9-2B94-4C3C-8A1D-8A5DEE831DAA}.Release|Any CPU.Build.0 = Release|Any CPU
		{4981E3E9-2B94-4C3C-8A1D-8A5DEE831DAA}.Release|x86.ActiveCfg = Release|Any CPU
		{4981E3E9-2B94-4C3C-8A1D-8A5DEE831DAA}.Release|x86.Build.0 = Release|Any CPU
		{01314A39-AE2A-44F6-BA14-8C961583C75C}.Debug|Any CPU.ActiveCfg = Debug|Any CPU
		{01314A39-AE2A-44F6-BA14-8C961583C75C}.Debug|Any CPU.Build.0 = Debug|Any CPU
		{01314A39-AE2A-44F6-BA14-8C961583C75C}.Debug|x86.ActiveCfg = Debug|x86
		{01314A39-AE2A-44F6-BA14-8C961583C75C}.Debug|x86.Build.0 = Debug|x86
		{01314A39-AE2A-44F6-BA14-8C961583C75C}.Release|Any CPU.ActiveCfg = Release|Any CPU
		{01314A39-AE2A-44F6-BA14-8C961583C75C}.Release|Any CPU.Build.0 = Release|Any CPU
		{01314A39-AE2A-44F6-BA14-8C961583C75C}.Release|x86.ActiveCfg = Release|x86
		{01314A39-AE2A-44F6-BA14-8C961583C75C}.Release|x86.Build.0 = Release|x86
		{F53609AC-A012-4067-B122-7436832021BB}.Debug|Any CPU.ActiveCfg = Debug|Any CPU
		{F53609AC-A012-4067-B122-7436832021BB}.Debug|Any CPU.Build.0 = Debug|Any CPU
		{F53609AC-A012-4067-B122-7436832021BB}.Debug|x86.ActiveCfg = Debug|Any CPU
		{F53609AC-A012-4067-B122-7436832021BB}.Debug|x86.Build.0 = Debug|Any CPU
		{F53609AC-A012-4067-B122-7436832021BB}.Release|Any CPU.ActiveCfg = Release|Any CPU
		{F53609AC-A012-4067-B122-7436832021BB}.Release|Any CPU.Build.0 = Release|Any CPU
		{F53609AC-A012-4067-B122-7436832021BB}.Release|x86.ActiveCfg = Release|Any CPU
		{F53609AC-A012-4067-B122-7436832021BB}.Release|x86.Build.0 = Release|Any CPU
	EndGlobalSection
	GlobalSection(SolutionProperties) = preSolution
		HideSolutionNode = FALSE
	EndGlobalSection
	GlobalSection(NestedProjects) = preSolution
		{861A0458-2848-4585-B844-8945E4B61B5C} = {0250BB1C-FF02-4600-9E80-E7EF067C51B6}
		{6CE61C1E-E93A-404A-89B7-1E8EA3BAF663} = {BAF8E731-4A3E-4AC9-A979-D08234CB09DE}
		{4A366686-E6AF-4AF0-9199-8BE691A5A392} = {C45EA757-D80F-48B1-B42F-5755F6F9897B}
		{508A525E-C6B0-41F4-8236-FFAB023A3BDA} = {C45EA757-D80F-48B1-B42F-5755F6F9897B}
		{B65D2A92-28FB-400C-990A-C805A8586B60} = {81BBBDCD-40F4-43F2-BAA6-AE8280C19105}
		{E5AFE227-06D5-4448-87D2-391E6B688F78} = {81BBBDCD-40F4-43F2-BAA6-AE8280C19105}
		{9E8BE3E5-A35A-4548-8D2C-5CC218C283DC} = {C45EA757-D80F-48B1-B42F-5755F6F9897B}
		{C5286DC1-8FD3-497D-B426-77C5DEE981CF} = {C45EA757-D80F-48B1-B42F-5755F6F9897B}
		{D94A5DCC-F8D7-477D-97F9-27888A2F7EED} = {C45EA757-D80F-48B1-B42F-5755F6F9897B}
		{36F33BFE-94E1-4E85-BFDF-7E8C6DC32151} = {D94A5DCC-F8D7-477D-97F9-27888A2F7EED}
		{34F2AF27-4843-441E-BF3A-D7FF8CA8BC96} = {D94A5DCC-F8D7-477D-97F9-27888A2F7EED}
		{32492BB6-936E-4DDA-8086-21EC3B630CE2} = {C45EA757-D80F-48B1-B42F-5755F6F9897B}
		{2125A880-2A7D-4122-988A-1075D0E1FB22} = {C45EA757-D80F-48B1-B42F-5755F6F9897B}
		{53BDDF50-1755-4A72-935E-A052FC28BCBA} = {81BBBDCD-40F4-43F2-BAA6-AE8280C19105}
		{CA1B5E95-F2B3-4A2E-B3E8-9D2A86E20B7D} = {74055295-3E82-45FF-8748-6130F534C8B0}
		{7D2E34E4-2173-4D6F-9A01-E661618F5C79} = {81BBBDCD-40F4-43F2-BAA6-AE8280C19105}
		{562101BC-C94F-4D6D-A06D-3C9A2CB5DB0A} = {C45EA757-D80F-48B1-B42F-5755F6F9897B}
		{849A96E5-53A3-4D6C-AACA-7567F1A4AB46} = {C45EA757-D80F-48B1-B42F-5755F6F9897B}
		{2C30C91A-47DB-4D35-8FA1-4BCE4DC4C1FE} = {0250BB1C-FF02-4600-9E80-E7EF067C51B6}
		{1DA7D767-B83A-416E-A235-2EBE0FBE1769} = {81BBBDCD-40F4-43F2-BAA6-AE8280C19105}
		{CABD7C7F-6A40-45F6-A396-BFFDB8DA985D} = {C45EA757-D80F-48B1-B42F-5755F6F9897B}
		{1EDC57AC-6E7A-43E6-9481-5354F37FA6F7} = {81BBBDCD-40F4-43F2-BAA6-AE8280C19105}
		{73A9C3CD-3467-47B6-976B-8F0B7C22140B} = {81BBBDCD-40F4-43F2-BAA6-AE8280C19105}
		{574716B9-F7D9-44C7-8E65-E5827EA031D0} = {81BBBDCD-40F4-43F2-BAA6-AE8280C19105}
		{8BA9350B-43FB-4DD7-8F53-90F508795AE8} = {81BBBDCD-40F4-43F2-BAA6-AE8280C19105}
		{4981E3E9-2B94-4C3C-8A1D-8A5DEE831DAA} = {C45EA757-D80F-48B1-B42F-5755F6F9897B}
		{F53609AC-A012-4067-B122-7436832021BB} = {0250BB1C-FF02-4600-9E80-E7EF067C51B6}
	EndGlobalSection
EndGlobal
