
Microsoft Visual Studio Solution File, Format Version 12.00
# Visual Studio Version 17
VisualStudioVersion = 17.10.35201.131
MinimumVisualStudioVersion = 10.0.40219.1
Project("{2150E333-8FDC-42A3-9474-1A3956D46DE8}") = "OpenGL Specs", "OpenGL Specs", "{74055295-3E82-45FF-8748-6130F534C8B0}"
	ProjectSection(SolutionItems) = preProject
		GLSpecs\egl.xml = GLSpecs\egl.xml
		GLSpecs\gl.xml = GLSpecs\gl.xml
		GLSpecs\glx.xml = GLSpecs\glx.xml
		GLSpecs\wgl.xml = GLSpecs\wgl.xml
	EndProjectSection
EndProject
Project("{FAE04EC0-301F-11D3-BF4B-00C04F79EFBC}") = "BindingsGen", "BindingsGen\BindingsGen.csproj", "{6CE61C1E-E93A-404A-89B7-1E8EA3BAF663}"
EndProject
Project("{2150E333-8FDC-42A3-9474-1A3956D46DE8}") = "Samples", "Samples", "{C45EA757-D80F-48B1-B42F-5755F6F9897B}"
EndProject
Project("{2150E333-8FDC-42A3-9474-1A3956D46DE8}") = "Solution Items", "Solution Items", "{BC9954B5-DF60-43BC-9F04-3FBB2D7DE8E8}"
	ProjectSection(SolutionItems) = preProject
		.codecov.yml = .codecov.yml
		.travis.yml = .travis.yml
		OpenGL.Net.props = OpenGL.Net.props
		README.md = README.md
	EndProjectSection
EndProject
Project("{FAE04EC0-301F-11D3-BF4B-00C04F79EFBC}") = "HelloTriangle", "Samples\HelloTriangle\HelloTriangle.csproj", "{4A366686-E6AF-4AF0-9199-8BE691A5A392}"
EndProject
Project("{2150E333-8FDC-42A3-9474-1A3956D46DE8}") = "Tests", "Tests", "{0250BB1C-FF02-4600-9E80-E7EF067C51B6}"
EndProject
Project("{2150E333-8FDC-42A3-9474-1A3956D46DE8}") = "Tools", "Tools", "{BAF8E731-4A3E-4AC9-A979-D08234CB09DE}"
EndProject
Project("{2150E333-8FDC-42A3-9474-1A3956D46DE8}") = "Toolkits", "Toolkits", "{81BBBDCD-40F4-43F2-BAA6-AE8280C19105}"
EndProject
Project("{D954291E-2A0B-460D-934E-DC6B0785DB48}") = "Khronos.Net", "Khronos.Net\Khronos.Net.shproj", "{C403B635-6B87-4540-8679-7889ED5D3360}"
EndProject
Project("{FAE04EC0-301F-11D3-BF4B-00C04F79EFBC}") = "OpenGL.Net.Math", "OpenGL.Net\OpenGL.Net.Math.csproj", "{DB0A13ED-2264-D7DE-8DA1-DB8F2D826AAD}"
EndProject
Project("{FAE04EC0-301F-11D3-BF4B-00C04F79EFBC}") = "OpenGL.Net", "OpenGL.Net\OpenGL.Net.csproj", "{2EBA5FD7-0164-F24A-173F-014CBFFD1420}"
EndProject
Project("{FAE04EC0-301F-11D3-BF4B-00C04F79EFBC}") = "OpenGL.Net.Objects", "OpenGL.Net.Objects\OpenGL.Net.Objects.csproj", "{95B589C9-C145-AC52-09A6-8BE653608620}"
EndProject
Project("{FAE04EC0-301F-11D3-BF4B-00C04F79EFBC}") = "OpenGL.Net.WinForms", "OpenGL.Net.WinForms\OpenGL.Net.WinForms.csproj", "{C9AB7E94-7B15-1A6F-E784-599CFE417760}"
EndProject
Project("{FAE04EC0-301F-11D3-BF4B-00C04F79EFBC}") = "OpenGL.Net.Test", "OpenGL.Net.Test\OpenGL.Net.Test.csproj", "{6FE8277A-7C4F-8168-5742-D914643F6885}"
EndProject
Project("{FAE04EC0-301F-11D3-BF4B-00C04F79EFBC}") = "OpenGL.Net.Objects.Test", "OpenGL.Net.Objects.Test\OpenGL.Net.Objects.Test.csproj", "{F53609AC-A012-4067-B122-7436832021BB}"
EndProject
Project("{FAE04EC0-301F-11D3-BF4B-00C04F79EFBC}") = "HelloObjects", "Samples\HelloObjects\HelloObjects.csproj", "{F8ADB90D-C402-448D-A0E9-60F71883FFAC}"
EndProject
Project("{FAE04EC0-301F-11D3-BF4B-00C04F79EFBC}") = "OpenGL.Net.CoreUI", "OpenGL.Net.CoreUI\OpenGL.Net.CoreUI.csproj", "{8BA9350B-43FB-4DD7-8F53-90F508795AE8}"
EndProject
Project("{FAE04EC0-301F-11D3-BF4B-00C04F79EFBC}") = "OpenGL.Net.CoreUI.Test", "OpenGL.Net.CoreUI.Test\OpenGL.Net.CoreUI.Test.csproj", "{B810F529-53F8-4D09-A8E2-36CF22CE6947}"
EndProject
Project("{FAE04EC0-301F-11D3-BF4B-00C04F79EFBC}") = "OpenGL.Net.WinForms.Test", "OpenGL.Net.WinForms.Test\OpenGL.Net.WinForms.Test.csproj", "{9C7DE463-47E4-49E3-9ECC-E892B48851D2}"
EndProject
Global
	GlobalSection(SolutionConfigurationPlatforms) = preSolution
		Debug|Any CPU = Debug|Any CPU
		Release|Any CPU = Release|Any CPU
	EndGlobalSection
	GlobalSection(ProjectConfigurationPlatforms) = postSolution
		{6CE61C1E-E93A-404A-89B7-1E8EA3BAF663}.Debug|Any CPU.ActiveCfg = Debug|Any CPU
		{6CE61C1E-E93A-404A-89B7-1E8EA3BAF663}.Debug|Any CPU.Build.0 = Debug|Any CPU
		{6CE61C1E-E93A-404A-89B7-1E8EA3BAF663}.Release|Any CPU.ActiveCfg = Release|Any CPU
		{6CE61C1E-E93A-404A-89B7-1E8EA3BAF663}.Release|Any CPU.Build.0 = Release|Any CPU
		{4A366686-E6AF-4AF0-9199-8BE691A5A392}.Debug|Any CPU.ActiveCfg = Debug|Any CPU
		{4A366686-E6AF-4AF0-9199-8BE691A5A392}.Debug|Any CPU.Build.0 = Debug|Any CPU
		{4A366686-E6AF-4AF0-9199-8BE691A5A392}.Release|Any CPU.ActiveCfg = Release|Any CPU
		{4A366686-E6AF-4AF0-9199-8BE691A5A392}.Release|Any CPU.Build.0 = Release|Any CPU
		{C403B635-6B87-4540-8679-7889ED5D3360}.Debug|Any CPU.ActiveCfg = Debug|Any CPU
		{C403B635-6B87-4540-8679-7889ED5D3360}.Release|Any CPU.ActiveCfg = Release|Any CPU
		{DB0A13ED-2264-D7DE-8DA1-DB8F2D826AAD}.Debug|Any CPU.ActiveCfg = Debug|Any CPU
		{DB0A13ED-2264-D7DE-8DA1-DB8F2D826AAD}.Debug|Any CPU.Build.0 = Debug|Any CPU
		{DB0A13ED-2264-D7DE-8DA1-DB8F2D826AAD}.Release|Any CPU.ActiveCfg = Release|Any CPU
		{DB0A13ED-2264-D7DE-8DA1-DB8F2D826AAD}.Release|Any CPU.Build.0 = Release|Any CPU
		{2EBA5FD7-0164-F24A-173F-014CBFFD1420}.Debug|Any CPU.ActiveCfg = Debug|Any CPU
		{2EBA5FD7-0164-F24A-173F-014CBFFD1420}.Debug|Any CPU.Build.0 = Debug|Any CPU
		{2EBA5FD7-0164-F24A-173F-014CBFFD1420}.Release|Any CPU.ActiveCfg = Release|Any CPU
		{2EBA5FD7-0164-F24A-173F-014CBFFD1420}.Release|Any CPU.Build.0 = Release|Any CPU
		{95B589C9-C145-AC52-09A6-8BE653608620}.Debug|Any CPU.ActiveCfg = Debug|Any CPU
		{95B589C9-C145-AC52-09A6-8BE653608620}.Debug|Any CPU.Build.0 = Debug|Any CPU
		{95B589C9-C145-AC52-09A6-8BE653608620}.Release|Any CPU.ActiveCfg = Release|Any CPU
		{95B589C9-C145-AC52-09A6-8BE653608620}.Release|Any CPU.Build.0 = Release|Any CPU
		{C9AB7E94-7B15-1A6F-E784-599CFE417760}.Debug|Any CPU.ActiveCfg = Debug|Any CPU
		{C9AB7E94-7B15-1A6F-E784-599CFE417760}.Debug|Any CPU.Build.0 = Debug|Any CPU
		{C9AB7E94-7B15-1A6F-E784-599CFE417760}.Release|Any CPU.ActiveCfg = Release|Any CPU
		{C9AB7E94-7B15-1A6F-E784-599CFE417760}.Release|Any CPU.Build.0 = Release|Any CPU
		{6FE8277A-7C4F-8168-5742-D914643F6885}.Debug|Any CPU.ActiveCfg = Debug|Any CPU
		{6FE8277A-7C4F-8168-5742-D914643F6885}.Debug|Any CPU.Build.0 = Debug|Any CPU
		{6FE8277A-7C4F-8168-5742-D914643F6885}.Release|Any CPU.ActiveCfg = Release|Any CPU
		{6FE8277A-7C4F-8168-5742-D914643F6885}.Release|Any CPU.Build.0 = Release|Any CPU
		{F53609AC-A012-4067-B122-7436832021BB}.Debug|Any CPU.ActiveCfg = Debug|Any CPU
		{F53609AC-A012-4067-B122-7436832021BB}.Debug|Any CPU.Build.0 = Debug|Any CPU
		{F53609AC-A012-4067-B122-7436832021BB}.Release|Any CPU.ActiveCfg = Release|Any CPU
		{F53609AC-A012-4067-B122-7436832021BB}.Release|Any CPU.Build.0 = Release|Any CPU
		{F8ADB90D-C402-448D-A0E9-60F71883FFAC}.Debug|Any CPU.ActiveCfg = Debug|Any CPU
		{F8ADB90D-C402-448D-A0E9-60F71883FFAC}.Debug|Any CPU.Build.0 = Debug|Any CPU
		{F8ADB90D-C402-448D-A0E9-60F71883FFAC}.Release|Any CPU.ActiveCfg = Release|Any CPU
		{F8ADB90D-C402-448D-A0E9-60F71883FFAC}.Release|Any CPU.Build.0 = Release|Any CPU
		{8BA9350B-43FB-4DD7-8F53-90F508795AE8}.Debug|Any CPU.ActiveCfg = Debug|Any CPU
		{8BA9350B-43FB-4DD7-8F53-90F508795AE8}.Debug|Any CPU.Build.0 = Debug|Any CPU
		{8BA9350B-43FB-4DD7-8F53-90F508795AE8}.Release|Any CPU.ActiveCfg = Release|Any CPU
		{8BA9350B-43FB-4DD7-8F53-90F508795AE8}.Release|Any CPU.Build.0 = Release|Any CPU
		{B810F529-53F8-4D09-A8E2-36CF22CE6947}.Debug|Any CPU.ActiveCfg = Debug|Any CPU
		{B810F529-53F8-4D09-A8E2-36CF22CE6947}.Debug|Any CPU.Build.0 = Debug|Any CPU
		{B810F529-53F8-4D09-A8E2-36CF22CE6947}.Release|Any CPU.ActiveCfg = Release|Any CPU
		{B810F529-53F8-4D09-A8E2-36CF22CE6947}.Release|Any CPU.Build.0 = Release|Any CPU
		{9C7DE463-47E4-49E3-9ECC-E892B48851D2}.Debug|Any CPU.ActiveCfg = Debug|Any CPU
		{9C7DE463-47E4-49E3-9ECC-E892B48851D2}.Debug|Any CPU.Build.0 = Debug|Any CPU
		{9C7DE463-47E4-49E3-9ECC-E892B48851D2}.Release|Any CPU.ActiveCfg = Release|Any CPU
		{9C7DE463-47E4-49E3-9ECC-E892B48851D2}.Release|Any CPU.Build.0 = Release|Any CPU
	EndGlobalSection
	GlobalSection(SolutionProperties) = preSolution
		HideSolutionNode = FALSE
	EndGlobalSection
	GlobalSection(NestedProjects) = preSolution
		{6CE61C1E-E93A-404A-89B7-1E8EA3BAF663} = {BAF8E731-4A3E-4AC9-A979-D08234CB09DE}
		{4A366686-E6AF-4AF0-9199-8BE691A5A392} = {C45EA757-D80F-48B1-B42F-5755F6F9897B}
		{C9AB7E94-7B15-1A6F-E784-599CFE417760} = {81BBBDCD-40F4-43F2-BAA6-AE8280C19105}
		{6FE8277A-7C4F-8168-5742-D914643F6885} = {0250BB1C-FF02-4600-9E80-E7EF067C51B6}
		{F53609AC-A012-4067-B122-7436832021BB} = {0250BB1C-FF02-4600-9E80-E7EF067C51B6}
		{F8ADB90D-C402-448D-A0E9-60F71883FFAC} = {C45EA757-D80F-48B1-B42F-5755F6F9897B}
		{8BA9350B-43FB-4DD7-8F53-90F508795AE8} = {81BBBDCD-40F4-43F2-BAA6-AE8280C19105}
		{B810F529-53F8-4D09-A8E2-36CF22CE6947} = {0250BB1C-FF02-4600-9E80-E7EF067C51B6}
		{9C7DE463-47E4-49E3-9ECC-E892B48851D2} = {0250BB1C-FF02-4600-9E80-E7EF067C51B6}
	EndGlobalSection
	GlobalSection(ExtensibilityGlobals) = postSolution
		SolutionGuid = {7A1302DF-7820-469A-9EB2-83CF7691A088}
	EndGlobalSection
	GlobalSection(SharedMSBuildProjectFiles) = preSolution
		Khronos.Net\Khronos.Net.projitems*{2eba5fd7-0164-f24a-173f-014cbffd1420}*SharedItemsImports = 5
		Khronos.Net\Khronos.Net.projitems*{6ce61c1e-e93a-404a-89b7-1e8ea3baf663}*SharedItemsImports = 5
		Khronos.Net\Khronos.Net.projitems*{c403b635-6b87-4540-8679-7889ed5d3360}*SharedItemsImports = 13
	EndGlobalSection
EndGlobal
